// !$*UTF8*$!
{
	archiveVersion = 1;
	classes = {
	};
	objectVersion = 55;
	objects = {

/* Begin PBXBuildFile section */
		F709DE2227AC8102007ECFDC /* NotificationView.swift in Sources */ = {isa = PBXBuildFile; fileRef = F709DE2127AC8102007ECFDC /* NotificationView.swift */; };
		F70E679E2795B2BC00D6D60E /* SimpleAssignmentView.swift in Sources */ = {isa = PBXBuildFile; fileRef = F70E679D2795B2BC00D6D60E /* SimpleAssignmentView.swift */; };
		F70E67A22795BC3000D6D60E /* PremiumPage.swift in Sources */ = {isa = PBXBuildFile; fileRef = F70E67A12795BC3000D6D60E /* PremiumPage.swift */; };
		F718DF7E27D7B45D00C82DC5 /* GPASetupPage.swift in Sources */ = {isa = PBXBuildFile; fileRef = F718DF7D27D7B45D00C82DC5 /* GPASetupPage.swift */; };
		F74DDE0F27939AB100894237 /* GradualApp.swift in Sources */ = {isa = PBXBuildFile; fileRef = F74DDE0E27939AB100894237 /* GradualApp.swift */; };
		F74DDE1127939AB100894237 /* ContentView.swift in Sources */ = {isa = PBXBuildFile; fileRef = F74DDE1027939AB100894237 /* ContentView.swift */; };
		F74DDE1327939AB300894237 /* Assets.xcassets in Resources */ = {isa = PBXBuildFile; fileRef = F74DDE1227939AB300894237 /* Assets.xcassets */; };
		F74DDE1627939AB300894237 /* Preview Assets.xcassets in Resources */ = {isa = PBXBuildFile; fileRef = F74DDE1527939AB300894237 /* Preview Assets.xcassets */; };
		F74DDE2B2793BC1700894237 /* GradeService.swift in Sources */ = {isa = PBXBuildFile; fileRef = F74DDE2A2793BC1700894237 /* GradeService.swift */; };
		F74DDE2F279433A500894237 /* Upcoming.swift in Sources */ = {isa = PBXBuildFile; fileRef = F74DDE2E279433A500894237 /* Upcoming.swift */; };
		F74DDE3127943DC400894237 /* SplashScreen.swift in Sources */ = {isa = PBXBuildFile; fileRef = F74DDE3027943DC400894237 /* SplashScreen.swift */; };
		F74DDE3327944BAC00894237 /* AppManager.swift in Sources */ = {isa = PBXBuildFile; fileRef = F74DDE3227944BAC00894237 /* AppManager.swift */; };
		F74DDE35279467B600894237 /* HomePage.swift in Sources */ = {isa = PBXBuildFile; fileRef = F74DDE34279467B600894237 /* HomePage.swift */; };
		F74DDE3727946BBB00894237 /* AsyncButton.swift in Sources */ = {isa = PBXBuildFile; fileRef = F74DDE3627946BBB00894237 /* AsyncButton.swift */; };
		F74DDE3A2794890400894237 /* SimpleClassView.swift in Sources */ = {isa = PBXBuildFile; fileRef = F74DDE392794890400894237 /* SimpleClassView.swift */; };
		F74DDE3C27949B6D00894237 /* RecentAssignmentView.swift in Sources */ = {isa = PBXBuildFile; fileRef = F74DDE3B27949B6D00894237 /* RecentAssignmentView.swift */; };
		F75BEE6C27C96DFF008A53A2 /* KeychainAccess in Frameworks */ = {isa = PBXBuildFile; productRef = F75BEE6B27C96DFF008A53A2 /* KeychainAccess */; };
		F75BEE6E27C96DFF008A53A2 /* EasyStash in Frameworks */ = {isa = PBXBuildFile; productRef = F75BEE6D27C96DFF008A53A2 /* EasyStash */; };
		F75BEE7027C96DFF008A53A2 /* Popovers in Frameworks */ = {isa = PBXBuildFile; productRef = F75BEE6F27C96DFF008A53A2 /* Popovers */; };
		F7702A0D27A0CE0B00590028 /* SafariViewWrapper.swift in Sources */ = {isa = PBXBuildFile; fileRef = F7702A0C27A0CE0B00590028 /* SafariViewWrapper.swift */; };
		F7702A0F27A0D7AE00590028 /* GoalSetPage.swift in Sources */ = {isa = PBXBuildFile; fileRef = F7702A0E27A0D7AE00590028 /* GoalSetPage.swift */; };
		F77288D1279600EF000B5F3B /* AccountPage.swift in Sources */ = {isa = PBXBuildFile; fileRef = F77288D0279600EF000B5F3B /* AccountPage.swift */; };
		F779C16E279F3C5E00DDF96F /* PreferencesManager.swift in Sources */ = {isa = PBXBuildFile; fileRef = F779C16D279F3C5E00DDF96F /* PreferencesManager.swift */; };
		F77E76ED27AA1B0000CA2F98 /* Class.swift in Sources */ = {isa = PBXBuildFile; fileRef = F77E76EC27AA1B0000CA2F98 /* Class.swift */; };
		F77E76F027AA1B5000CA2F98 /* Assignment.swift in Sources */ = {isa = PBXBuildFile; fileRef = F77E76EF27AA1B5000CA2F98 /* Assignment.swift */; };
		F77E76F227AA1BA100CA2F98 /* GradeFormatter.swift in Sources */ = {isa = PBXBuildFile; fileRef = F77E76F127AA1BA100CA2F98 /* GradeFormatter.swift */; };
		F77E76F427AA1BE900CA2F98 /* GPA.swift in Sources */ = {isa = PBXBuildFile; fileRef = F77E76F327AA1BE900CA2F98 /* GPA.swift */; };
		F77E76F627AA1C0000CA2F98 /* Student.swift in Sources */ = {isa = PBXBuildFile; fileRef = F77E76F527AA1C0000CA2F98 /* Student.swift */; };
		F77E770127AA2D3E00CA2F98 /* AccountToolButton.swift in Sources */ = {isa = PBXBuildFile; fileRef = F77E770027AA2D3E00CA2F98 /* AccountToolButton.swift */; };
		F77E770327AA2D7D00CA2F98 /* GreetingView.swift in Sources */ = {isa = PBXBuildFile; fileRef = F77E770227AA2D7D00CA2F98 /* GreetingView.swift */; };
		F77E770527AA2D9F00CA2F98 /* CardStackView.swift in Sources */ = {isa = PBXBuildFile; fileRef = F77E770427AA2D9F00CA2F98 /* CardStackView.swift */; };
		F77E770727AA2DF000CA2F98 /* ClassGradesView.swift in Sources */ = {isa = PBXBuildFile; fileRef = F77E770627AA2DF000CA2F98 /* ClassGradesView.swift */; };
		F783AA7A27BC0BCB0035A1E6 /* RecentAssignmentStack.swift in Sources */ = {isa = PBXBuildFile; fileRef = F783AA7927BC0BCB0035A1E6 /* RecentAssignmentStack.swift */; };
		F78C33142794EF3000596478 /* CardView.swift in Sources */ = {isa = PBXBuildFile; fileRef = F78C33132794EF3000596478 /* CardView.swift */; };
		F78C33162795158E00596478 /* AssignmentPage.swift in Sources */ = {isa = PBXBuildFile; fileRef = F78C33152795158E00596478 /* AssignmentPage.swift */; };
		F78F509D279DA355004E6EA4 /* UpcomingAssignmentPage.swift in Sources */ = {isa = PBXBuildFile; fileRef = F78F509C279DA355004E6EA4 /* UpcomingAssignmentPage.swift */; };
		F7A5C80927D52ABA00B03230 /* SwiftUICharts in Frameworks */ = {isa = PBXBuildFile; productRef = F7A5C80827D52ABA00B03230 /* SwiftUICharts */; };
		F7A742B227AB742000A9E56E /* PreferencesView.swift in Sources */ = {isa = PBXBuildFile; fileRef = F7A742B127AB742000A9E56E /* PreferencesView.swift */; };
		F7A742B427AC0BFF00A9E56E /* ClassInformation.swift in Sources */ = {isa = PBXBuildFile; fileRef = F7A742B327AC0BFF00A9E56E /* ClassInformation.swift */; };
		F7A742B627AC0D4800A9E56E /* LoginPage.swift in Sources */ = {isa = PBXBuildFile; fileRef = F7A742B527AC0D4800A9E56E /* LoginPage.swift */; };
		F7A742B827AC18EC00A9E56E /* NotificationService.swift in Sources */ = {isa = PBXBuildFile; fileRef = F7A742B727AC18EC00A9E56E /* NotificationService.swift */; };
		F7A742BF27AC2C9300A9E56E /* CacheService.swift in Sources */ = {isa = PBXBuildFile; fileRef = F7A742BE27AC2C9300A9E56E /* CacheService.swift */; };
		F7B6AFFF27D15F04008A7F55 /* RefreshToolbarButton.swift in Sources */ = {isa = PBXBuildFile; fileRef = F7B6AFFE27D15F04008A7F55 /* RefreshToolbarButton.swift */; };
		F7BE1508279EF6A70079A0E3 /* AccountDetailPage.swift in Sources */ = {isa = PBXBuildFile; fileRef = F7BE1507279EF6A70079A0E3 /* AccountDetailPage.swift */; };
		F7DB83FC27C31A6B00873A84 /* OnboardingPage.swift in Sources */ = {isa = PBXBuildFile; fileRef = F7DB83FB27C31A6B00873A84 /* OnboardingPage.swift */; };
		F7DB83FE27C32AC900873A84 /* OnboardingStack.swift in Sources */ = {isa = PBXBuildFile; fileRef = F7DB83FD27C32AC900873A84 /* OnboardingStack.swift */; };
		F7DB840027C32F8300873A84 /* OffsetPageTabView.swift in Sources */ = {isa = PBXBuildFile; fileRef = F7DB83FF27C32F8300873A84 /* OffsetPageTabView.swift */; };
		F7E58661279B8F3200438E66 /* DetailedAssignmentPage.swift in Sources */ = {isa = PBXBuildFile; fileRef = F7E58660279B8F3200438E66 /* DetailedAssignmentPage.swift */; };
		F7F4CE6A27ACDDCB0015324C /* CarouselView.swift in Sources */ = {isa = PBXBuildFile; fileRef = F7F4CE6927ACDDCB0015324C /* CarouselView.swift */; };
		F7F4CE7027AECA3A0015324C /* DoomsdayManager.swift in Sources */ = {isa = PBXBuildFile; fileRef = F7F4CE6F27AECA3A0015324C /* DoomsdayManager.swift */; };
		F7F4CE7427B029300015324C /* BackgroundManager.swift in Sources */ = {isa = PBXBuildFile; fileRef = F7F4CE7327B029300015324C /* BackgroundManager.swift */; };
		F7F973D527B8436A00E1B7D7 /* ScrollRefreshable.swift in Sources */ = {isa = PBXBuildFile; fileRef = F7F973D427B8436A00E1B7D7 /* ScrollRefreshable.swift */; };
/* End PBXBuildFile section */

/* Begin PBXCopyFilesBuildPhase section */
		F768DB6B27B37F890080DE5E /* Embed App Extensions */ = {
			isa = PBXCopyFilesBuildPhase;
			buildActionMask = 2147483647;
			dstPath = "";
			dstSubfolderSpec = 13;
			files = (
			);
			name = "Embed App Extensions";
			runOnlyForDeploymentPostprocessing = 0;
		};
/* End PBXCopyFilesBuildPhase section */

/* Begin PBXFileReference section */
		F709DE2127AC8102007ECFDC /* NotificationView.swift */ = {isa = PBXFileReference; lastKnownFileType = sourcecode.swift; path = NotificationView.swift; sourceTree = "<group>"; };
		F70E679D2795B2BC00D6D60E /* SimpleAssignmentView.swift */ = {isa = PBXFileReference; lastKnownFileType = sourcecode.swift; path = SimpleAssignmentView.swift; sourceTree = "<group>"; };
		F70E67A12795BC3000D6D60E /* PremiumPage.swift */ = {isa = PBXFileReference; lastKnownFileType = sourcecode.swift; path = PremiumPage.swift; sourceTree = "<group>"; };
		F718DF7D27D7B45D00C82DC5 /* GPASetupPage.swift */ = {isa = PBXFileReference; lastKnownFileType = sourcecode.swift; path = GPASetupPage.swift; sourceTree = "<group>"; };
		F74DDE0B27939AB100894237 /* Gradual.app */ = {isa = PBXFileReference; explicitFileType = wrapper.application; includeInIndex = 0; path = Gradual.app; sourceTree = BUILT_PRODUCTS_DIR; };
		F74DDE0E27939AB100894237 /* GradualApp.swift */ = {isa = PBXFileReference; lastKnownFileType = sourcecode.swift; path = GradualApp.swift; sourceTree = "<group>"; };
		F74DDE1027939AB100894237 /* ContentView.swift */ = {isa = PBXFileReference; lastKnownFileType = sourcecode.swift; path = ContentView.swift; sourceTree = "<group>"; };
		F74DDE1227939AB300894237 /* Assets.xcassets */ = {isa = PBXFileReference; lastKnownFileType = folder.assetcatalog; path = Assets.xcassets; sourceTree = "<group>"; };
		F74DDE1527939AB300894237 /* Preview Assets.xcassets */ = {isa = PBXFileReference; lastKnownFileType = folder.assetcatalog; path = "Preview Assets.xcassets"; sourceTree = "<group>"; };
		F74DDE2A2793BC1700894237 /* GradeService.swift */ = {isa = PBXFileReference; lastKnownFileType = sourcecode.swift; path = GradeService.swift; sourceTree = "<group>"; };
		F74DDE2E279433A500894237 /* Upcoming.swift */ = {isa = PBXFileReference; lastKnownFileType = sourcecode.swift; path = Upcoming.swift; sourceTree = "<group>"; };
		F74DDE3027943DC400894237 /* SplashScreen.swift */ = {isa = PBXFileReference; lastKnownFileType = sourcecode.swift; path = SplashScreen.swift; sourceTree = "<group>"; };
		F74DDE3227944BAC00894237 /* AppManager.swift */ = {isa = PBXFileReference; lastKnownFileType = sourcecode.swift; path = AppManager.swift; sourceTree = "<group>"; };
		F74DDE34279467B600894237 /* HomePage.swift */ = {isa = PBXFileReference; lastKnownFileType = sourcecode.swift; path = HomePage.swift; sourceTree = "<group>"; };
		F74DDE3627946BBB00894237 /* AsyncButton.swift */ = {isa = PBXFileReference; lastKnownFileType = sourcecode.swift; path = AsyncButton.swift; sourceTree = "<group>"; };
		F74DDE392794890400894237 /* SimpleClassView.swift */ = {isa = PBXFileReference; lastKnownFileType = sourcecode.swift; path = SimpleClassView.swift; sourceTree = "<group>"; };
		F74DDE3B27949B6D00894237 /* RecentAssignmentView.swift */ = {isa = PBXFileReference; lastKnownFileType = sourcecode.swift; path = RecentAssignmentView.swift; sourceTree = "<group>"; };
		F768DB5E27B37F870080DE5E /* WidgetKit.framework */ = {isa = PBXFileReference; lastKnownFileType = wrapper.framework; name = WidgetKit.framework; path = System/Library/Frameworks/WidgetKit.framework; sourceTree = SDKROOT; };
		F768DB6027B37F870080DE5E /* SwiftUI.framework */ = {isa = PBXFileReference; lastKnownFileType = wrapper.framework; name = SwiftUI.framework; path = System/Library/Frameworks/SwiftUI.framework; sourceTree = SDKROOT; };
		F7702A0C27A0CE0B00590028 /* SafariViewWrapper.swift */ = {isa = PBXFileReference; lastKnownFileType = sourcecode.swift; path = SafariViewWrapper.swift; sourceTree = "<group>"; };
		F7702A0E27A0D7AE00590028 /* GoalSetPage.swift */ = {isa = PBXFileReference; lastKnownFileType = sourcecode.swift; path = GoalSetPage.swift; sourceTree = "<group>"; };
		F77288D0279600EF000B5F3B /* AccountPage.swift */ = {isa = PBXFileReference; lastKnownFileType = sourcecode.swift; path = AccountPage.swift; sourceTree = "<group>"; };
		F779C16D279F3C5E00DDF96F /* PreferencesManager.swift */ = {isa = PBXFileReference; lastKnownFileType = sourcecode.swift; path = PreferencesManager.swift; sourceTree = "<group>"; };
		F77E76EC27AA1B0000CA2F98 /* Class.swift */ = {isa = PBXFileReference; lastKnownFileType = sourcecode.swift; path = Class.swift; sourceTree = "<group>"; };
		F77E76EF27AA1B5000CA2F98 /* Assignment.swift */ = {isa = PBXFileReference; lastKnownFileType = sourcecode.swift; path = Assignment.swift; sourceTree = "<group>"; };
		F77E76F127AA1BA100CA2F98 /* GradeFormatter.swift */ = {isa = PBXFileReference; lastKnownFileType = sourcecode.swift; path = GradeFormatter.swift; sourceTree = "<group>"; };
		F77E76F327AA1BE900CA2F98 /* GPA.swift */ = {isa = PBXFileReference; lastKnownFileType = sourcecode.swift; path = GPA.swift; sourceTree = "<group>"; };
		F77E76F527AA1C0000CA2F98 /* Student.swift */ = {isa = PBXFileReference; lastKnownFileType = sourcecode.swift; path = Student.swift; sourceTree = "<group>"; };
		F77E770027AA2D3E00CA2F98 /* AccountToolButton.swift */ = {isa = PBXFileReference; lastKnownFileType = sourcecode.swift; path = AccountToolButton.swift; sourceTree = "<group>"; };
		F77E770227AA2D7D00CA2F98 /* GreetingView.swift */ = {isa = PBXFileReference; lastKnownFileType = sourcecode.swift; path = GreetingView.swift; sourceTree = "<group>"; };
		F77E770427AA2D9F00CA2F98 /* CardStackView.swift */ = {isa = PBXFileReference; lastKnownFileType = sourcecode.swift; path = CardStackView.swift; sourceTree = "<group>"; };
		F77E770627AA2DF000CA2F98 /* ClassGradesView.swift */ = {isa = PBXFileReference; lastKnownFileType = sourcecode.swift; path = ClassGradesView.swift; sourceTree = "<group>"; };
		F783AA7927BC0BCB0035A1E6 /* RecentAssignmentStack.swift */ = {isa = PBXFileReference; lastKnownFileType = sourcecode.swift; path = RecentAssignmentStack.swift; sourceTree = "<group>"; };
		F78C33132794EF3000596478 /* CardView.swift */ = {isa = PBXFileReference; lastKnownFileType = sourcecode.swift; path = CardView.swift; sourceTree = "<group>"; };
		F78C33152795158E00596478 /* AssignmentPage.swift */ = {isa = PBXFileReference; lastKnownFileType = sourcecode.swift; path = AssignmentPage.swift; sourceTree = "<group>"; };
		F78F509C279DA355004E6EA4 /* UpcomingAssignmentPage.swift */ = {isa = PBXFileReference; lastKnownFileType = sourcecode.swift; path = UpcomingAssignmentPage.swift; sourceTree = "<group>"; };
		F7A742B127AB742000A9E56E /* PreferencesView.swift */ = {isa = PBXFileReference; lastKnownFileType = sourcecode.swift; path = PreferencesView.swift; sourceTree = "<group>"; };
		F7A742B327AC0BFF00A9E56E /* ClassInformation.swift */ = {isa = PBXFileReference; lastKnownFileType = sourcecode.swift; path = ClassInformation.swift; sourceTree = "<group>"; };
		F7A742B527AC0D4800A9E56E /* LoginPage.swift */ = {isa = PBXFileReference; lastKnownFileType = sourcecode.swift; path = LoginPage.swift; sourceTree = "<group>"; };
		F7A742B727AC18EC00A9E56E /* NotificationService.swift */ = {isa = PBXFileReference; lastKnownFileType = sourcecode.swift; path = NotificationService.swift; sourceTree = "<group>"; };
		F7A742BE27AC2C9300A9E56E /* CacheService.swift */ = {isa = PBXFileReference; lastKnownFileType = sourcecode.swift; path = CacheService.swift; sourceTree = "<group>"; };
		F7B6AFFE27D15F04008A7F55 /* RefreshToolbarButton.swift */ = {isa = PBXFileReference; lastKnownFileType = sourcecode.swift; path = RefreshToolbarButton.swift; sourceTree = "<group>"; };
		F7BE1507279EF6A70079A0E3 /* AccountDetailPage.swift */ = {isa = PBXFileReference; lastKnownFileType = sourcecode.swift; path = AccountDetailPage.swift; sourceTree = "<group>"; };
		F7C4198B27999AD900753637 /* Info.plist */ = {isa = PBXFileReference; lastKnownFileType = text.plist; path = Info.plist; sourceTree = "<group>"; };
		F7DB83FB27C31A6B00873A84 /* OnboardingPage.swift */ = {isa = PBXFileReference; lastKnownFileType = sourcecode.swift; path = OnboardingPage.swift; sourceTree = "<group>"; };
		F7DB83FD27C32AC900873A84 /* OnboardingStack.swift */ = {isa = PBXFileReference; lastKnownFileType = sourcecode.swift; path = OnboardingStack.swift; sourceTree = "<group>"; };
		F7DB83FF27C32F8300873A84 /* OffsetPageTabView.swift */ = {isa = PBXFileReference; fileEncoding = 4; lastKnownFileType = sourcecode.swift; path = OffsetPageTabView.swift; sourceTree = "<group>"; };
		F7E58660279B8F3200438E66 /* DetailedAssignmentPage.swift */ = {isa = PBXFileReference; lastKnownFileType = sourcecode.swift; path = DetailedAssignmentPage.swift; sourceTree = "<group>"; };
		F7F4CE6927ACDDCB0015324C /* CarouselView.swift */ = {isa = PBXFileReference; lastKnownFileType = sourcecode.swift; path = CarouselView.swift; sourceTree = "<group>"; };
		F7F4CE6F27AECA3A0015324C /* DoomsdayManager.swift */ = {isa = PBXFileReference; lastKnownFileType = sourcecode.swift; path = DoomsdayManager.swift; sourceTree = "<group>"; };
		F7F4CE7327B029300015324C /* BackgroundManager.swift */ = {isa = PBXFileReference; lastKnownFileType = sourcecode.swift; path = BackgroundManager.swift; sourceTree = "<group>"; };
		F7F973D427B8436A00E1B7D7 /* ScrollRefreshable.swift */ = {isa = PBXFileReference; lastKnownFileType = sourcecode.swift; path = ScrollRefreshable.swift; sourceTree = "<group>"; };
/* End PBXFileReference section */

/* Begin PBXFrameworksBuildPhase section */
		F74DDE0827939AB100894237 /* Frameworks */ = {
			isa = PBXFrameworksBuildPhase;
			buildActionMask = 2147483647;
			files = (
				F75BEE7027C96DFF008A53A2 /* Popovers in Frameworks */,
				F7A5C80927D52ABA00B03230 /* SwiftUICharts in Frameworks */,
				F75BEE6E27C96DFF008A53A2 /* EasyStash in Frameworks */,
				F75BEE6C27C96DFF008A53A2 /* KeychainAccess in Frameworks */,
			);
			runOnlyForDeploymentPostprocessing = 0;
		};
/* End PBXFrameworksBuildPhase section */

/* Begin PBXGroup section */
		F70E67932795AAA400D6D60E /* Modifiers */ = {
			isa = PBXGroup;
			children = (
				F74DDE3627946BBB00894237 /* AsyncButton.swift */,
				F7702A0C27A0CE0B00590028 /* SafariViewWrapper.swift */,
				F7F4CE6927ACDDCB0015324C /* CarouselView.swift */,
				F7F973D427B8436A00E1B7D7 /* ScrollRefreshable.swift */,
				F7DB83FF27C32F8300873A84 /* OffsetPageTabView.swift */,
			);
			path = Modifiers;
			sourceTree = "<group>";
		};
		F74DDE0227939AB100894237 = {
			isa = PBXGroup;
			children = (
				F74DDE0D27939AB100894237 /* Gradual */,
				F768DB5D27B37F870080DE5E /* Frameworks */,
				F74DDE0C27939AB100894237 /* Products */,
			);
			sourceTree = "<group>";
		};
		F74DDE0C27939AB100894237 /* Products */ = {
			isa = PBXGroup;
			children = (
				F74DDE0B27939AB100894237 /* Gradual.app */,
			);
			name = Products;
			sourceTree = "<group>";
		};
		F74DDE0D27939AB100894237 /* Gradual */ = {
			isa = PBXGroup;
			children = (
				F7C4198B27999AD900753637 /* Info.plist */,
				F74DDE0E27939AB100894237 /* GradualApp.swift */,
				F74DDE1027939AB100894237 /* ContentView.swift */,
				F74DDE212793AF4000894237 /* Model */,
				F74DDE222793AF4500894237 /* View */,
				F74DDE232793AF4F00894237 /* ViewModel */,
				F74DDE1227939AB300894237 /* Assets.xcassets */,
				F74DDE1427939AB300894237 /* Preview Content */,
			);
			path = Gradual;
			sourceTree = "<group>";
		};
		F74DDE1427939AB300894237 /* Preview Content */ = {
			isa = PBXGroup;
			children = (
				F74DDE1527939AB300894237 /* Preview Assets.xcassets */,
			);
			path = "Preview Content";
			sourceTree = "<group>";
		};
		F74DDE212793AF4000894237 /* Model */ = {
			isa = PBXGroup;
			children = (
				F77E76EE27AA1B3400CA2F98 /* CodableTypes */,
				F74DDE2A2793BC1700894237 /* GradeService.swift */,
				F7A742B727AC18EC00A9E56E /* NotificationService.swift */,
				F77E76F127AA1BA100CA2F98 /* GradeFormatter.swift */,
				F7A742BE27AC2C9300A9E56E /* CacheService.swift */,
			);
			path = Model;
			sourceTree = "<group>";
		};
		F74DDE222793AF4500894237 /* View */ = {
			isa = PBXGroup;
			children = (
				F7E58658279B0F6600438E66 /* Pages */,
				F70E67932795AAA400D6D60E /* Modifiers */,
				F74DDE38279488CF00894237 /* Components */,
			);
			path = View;
			sourceTree = "<group>";
		};
		F74DDE232793AF4F00894237 /* ViewModel */ = {
			isa = PBXGroup;
			children = (
				F74DDE3227944BAC00894237 /* AppManager.swift */,
				F779C16D279F3C5E00DDF96F /* PreferencesManager.swift */,
				F7F4CE6F27AECA3A0015324C /* DoomsdayManager.swift */,
				F7F4CE7327B029300015324C /* BackgroundManager.swift */,
			);
			path = ViewModel;
			sourceTree = "<group>";
		};
		F74DDE38279488CF00894237 /* Components */ = {
			isa = PBXGroup;
			children = (
				F77E76FC27AA1E9900CA2F98 /* Navigation */,
				F77E76FB27AA1E7A00CA2F98 /* Page */,
			);
			path = Components;
			sourceTree = "<group>";
		};
		F768DB5D27B37F870080DE5E /* Frameworks */ = {
			isa = PBXGroup;
			children = (
				F768DB5E27B37F870080DE5E /* WidgetKit.framework */,
				F768DB6027B37F870080DE5E /* SwiftUI.framework */,
			);
			name = Frameworks;
			sourceTree = "<group>";
		};
		F77E76EE27AA1B3400CA2F98 /* CodableTypes */ = {
			isa = PBXGroup;
			children = (
				F77E76F527AA1C0000CA2F98 /* Student.swift */,
				F77E76EC27AA1B0000CA2F98 /* Class.swift */,
				F77E76EF27AA1B5000CA2F98 /* Assignment.swift */,
				F77E76F327AA1BE900CA2F98 /* GPA.swift */,
				F74DDE2E279433A500894237 /* Upcoming.swift */,
			);
			path = CodableTypes;
			sourceTree = "<group>";
		};
		F77E76F827AA1D3E00CA2F98 /* InProgress */ = {
			isa = PBXGroup;
			children = (
				F7E58660279B8F3200438E66 /* DetailedAssignmentPage.swift */,
				F70E67A12795BC3000D6D60E /* PremiumPage.swift */,
				F7702A0E27A0D7AE00590028 /* GoalSetPage.swift */,
			);
			path = InProgress;
			sourceTree = "<group>";
		};
		F77E76F927AA1D8700CA2F98 /* Primary */ = {
			isa = PBXGroup;
			children = (
				F78C33152795158E00596478 /* AssignmentPage.swift */,
				F77288D0279600EF000B5F3B /* AccountPage.swift */,
			);
			path = Primary;
			sourceTree = "<group>";
		};
		F77E76FA27AA1D9000CA2F98 /* Secondary */ = {
			isa = PBXGroup;
			children = (
				F7BE1507279EF6A70079A0E3 /* AccountDetailPage.swift */,
				F78F509C279DA355004E6EA4 /* UpcomingAssignmentPage.swift */,
				F718DF7D27D7B45D00C82DC5 /* GPASetupPage.swift */,
			);
			path = Secondary;
			sourceTree = "<group>";
		};
		F77E76FB27AA1E7A00CA2F98 /* Page */ = {
			isa = PBXGroup;
			children = (
				F78C33132794EF3000596478 /* CardView.swift */,
				F77E770227AA2D7D00CA2F98 /* GreetingView.swift */,
				F77E770627AA2DF000CA2F98 /* ClassGradesView.swift */,
				F77E770427AA2D9F00CA2F98 /* CardStackView.swift */,
				F7A742B127AB742000A9E56E /* PreferencesView.swift */,
				F7A742B327AC0BFF00A9E56E /* ClassInformation.swift */,
				F783AA7927BC0BCB0035A1E6 /* RecentAssignmentStack.swift */,
				F7DB83FD27C32AC900873A84 /* OnboardingStack.swift */,
				F709DE2127AC8102007ECFDC /* NotificationView.swift */,
			);
			path = Page;
			sourceTree = "<group>";
		};
		F77E76FC27AA1E9900CA2F98 /* Navigation */ = {
			isa = PBXGroup;
			children = (
				F77E76FD27AA2B2300CA2F98 /* Toolbar */,
				F74DDE392794890400894237 /* SimpleClassView.swift */,
				F74DDE3B27949B6D00894237 /* RecentAssignmentView.swift */,
				F70E679D2795B2BC00D6D60E /* SimpleAssignmentView.swift */,
			);
			path = Navigation;
			sourceTree = "<group>";
		};
		F77E76FD27AA2B2300CA2F98 /* Toolbar */ = {
			isa = PBXGroup;
			children = (
				F77E770027AA2D3E00CA2F98 /* AccountToolButton.swift */,
				F7B6AFFE27D15F04008A7F55 /* RefreshToolbarButton.swift */,
			);
			path = Toolbar;
			sourceTree = "<group>";
		};
		F7E58658279B0F6600438E66 /* Pages */ = {
			isa = PBXGroup;
			children = (
				F74DDE34279467B600894237 /* HomePage.swift */,
				F74DDE3027943DC400894237 /* SplashScreen.swift */,
				F7A742B527AC0D4800A9E56E /* LoginPage.swift */,
				F7DB83FB27C31A6B00873A84 /* OnboardingPage.swift */,
				F77E76F927AA1D8700CA2F98 /* Primary */,
				F77E76FA27AA1D9000CA2F98 /* Secondary */,
				F77E76F827AA1D3E00CA2F98 /* InProgress */,
			);
			path = Pages;
			sourceTree = "<group>";
		};
/* End PBXGroup section */

/* Begin PBXNativeTarget section */
		F74DDE0A27939AB100894237 /* Gradual */ = {
			isa = PBXNativeTarget;
			buildConfigurationList = F74DDE1927939AB300894237 /* Build configuration list for PBXNativeTarget "Gradual" */;
			buildPhases = (
				F74DDE0727939AB100894237 /* Sources */,
				F74DDE0827939AB100894237 /* Frameworks */,
				F74DDE0927939AB100894237 /* Resources */,
				F768DB6B27B37F890080DE5E /* Embed App Extensions */,
			);
			buildRules = (
			);
			dependencies = (
			);
			name = Gradual;
			packageProductDependencies = (
				F75BEE6B27C96DFF008A53A2 /* KeychainAccess */,
				F75BEE6D27C96DFF008A53A2 /* EasyStash */,
				F75BEE6F27C96DFF008A53A2 /* Popovers */,
				F7A5C80827D52ABA00B03230 /* SwiftUICharts */,
			);
			productName = Gradual;
			productReference = F74DDE0B27939AB100894237 /* Gradual.app */;
			productType = "com.apple.product-type.application";
		};
/* End PBXNativeTarget section */

/* Begin PBXProject section */
		F74DDE0327939AB100894237 /* Project object */ = {
			isa = PBXProject;
			attributes = {
				BuildIndependentTargetsInParallel = 1;
				LastSwiftUpdateCheck = 1300;
				LastUpgradeCheck = 1300;
				TargetAttributes = {
					F74DDE0A27939AB100894237 = {
						CreatedOnToolsVersion = 13.0;
					};
				};
			};
			buildConfigurationList = F74DDE0627939AB100894237 /* Build configuration list for PBXProject "Gradual" */;
			compatibilityVersion = "Xcode 13.0";
			developmentRegion = en;
			hasScannedForEncodings = 0;
			knownRegions = (
				en,
				Base,
			);
			mainGroup = F74DDE0227939AB100894237;
			packageReferences = (
				F7C419862798EF2D00753637 /* XCRemoteSwiftPackageReference "KeychainAccess" */,
				F7A742BB27AC2C0C00A9E56E /* XCRemoteSwiftPackageReference "EasyStash" */,
				F7A742C027AC7FBA00A9E56E /* XCRemoteSwiftPackageReference "Popovers" */,
				F7A5C80727D52ABA00B03230 /* XCRemoteSwiftPackageReference "ChartViews" */,
			);
			productRefGroup = F74DDE0C27939AB100894237 /* Products */;
			projectDirPath = "";
			projectRoot = "";
			targets = (
				F74DDE0A27939AB100894237 /* Gradual */,
			);
		};
/* End PBXProject section */

/* Begin PBXResourcesBuildPhase section */
		F74DDE0927939AB100894237 /* Resources */ = {
			isa = PBXResourcesBuildPhase;
			buildActionMask = 2147483647;
			files = (
				F74DDE1627939AB300894237 /* Preview Assets.xcassets in Resources */,
				F74DDE1327939AB300894237 /* Assets.xcassets in Resources */,
			);
			runOnlyForDeploymentPostprocessing = 0;
		};
/* End PBXResourcesBuildPhase section */

/* Begin PBXSourcesBuildPhase section */
		F74DDE0727939AB100894237 /* Sources */ = {
			isa = PBXSourcesBuildPhase;
			buildActionMask = 2147483647;
			files = (
				F7DB840027C32F8300873A84 /* OffsetPageTabView.swift in Sources */,
				F77E76ED27AA1B0000CA2F98 /* Class.swift in Sources */,
				F7A742B427AC0BFF00A9E56E /* ClassInformation.swift in Sources */,
				F74DDE3C27949B6D00894237 /* RecentAssignmentView.swift in Sources */,
				F74DDE1127939AB100894237 /* ContentView.swift in Sources */,
				F7A742B827AC18EC00A9E56E /* NotificationService.swift in Sources */,
				F7DB83FC27C31A6B00873A84 /* OnboardingPage.swift in Sources */,
				F74DDE0F27939AB100894237 /* GradualApp.swift in Sources */,
				F7702A0F27A0D7AE00590028 /* GoalSetPage.swift in Sources */,
				F783AA7A27BC0BCB0035A1E6 /* RecentAssignmentStack.swift in Sources */,
				F77E770127AA2D3E00CA2F98 /* AccountToolButton.swift in Sources */,
				F74DDE2B2793BC1700894237 /* GradeService.swift in Sources */,
				F779C16E279F3C5E00DDF96F /* PreferencesManager.swift in Sources */,
				F77E770727AA2DF000CA2F98 /* ClassGradesView.swift in Sources */,
				F7702A0D27A0CE0B00590028 /* SafariViewWrapper.swift in Sources */,
				F7A742B227AB742000A9E56E /* PreferencesView.swift in Sources */,
				F74DDE3327944BAC00894237 /* AppManager.swift in Sources */,
				F78C33162795158E00596478 /* AssignmentPage.swift in Sources */,
				F7E58661279B8F3200438E66 /* DetailedAssignmentPage.swift in Sources */,
				F74DDE3A2794890400894237 /* SimpleClassView.swift in Sources */,
				F709DE2227AC8102007ECFDC /* NotificationView.swift in Sources */,
				F7DB83FE27C32AC900873A84 /* OnboardingStack.swift in Sources */,
				F70E67A22795BC3000D6D60E /* PremiumPage.swift in Sources */,
				F7F4CE6A27ACDDCB0015324C /* CarouselView.swift in Sources */,
				F74DDE3127943DC400894237 /* SplashScreen.swift in Sources */,
				F7A742B627AC0D4800A9E56E /* LoginPage.swift in Sources */,
				F7B6AFFF27D15F04008A7F55 /* RefreshToolbarButton.swift in Sources */,
				F74DDE35279467B600894237 /* HomePage.swift in Sources */,
				F77E76F027AA1B5000CA2F98 /* Assignment.swift in Sources */,
				F78F509D279DA355004E6EA4 /* UpcomingAssignmentPage.swift in Sources */,
				F7F4CE7427B029300015324C /* BackgroundManager.swift in Sources */,
				F7BE1508279EF6A70079A0E3 /* AccountDetailPage.swift in Sources */,
				F77288D1279600EF000B5F3B /* AccountPage.swift in Sources */,
				F74DDE3727946BBB00894237 /* AsyncButton.swift in Sources */,
				F77E76F627AA1C0000CA2F98 /* Student.swift in Sources */,
				F77E770327AA2D7D00CA2F98 /* GreetingView.swift in Sources */,
				F77E770527AA2D9F00CA2F98 /* CardStackView.swift in Sources */,
				F70E679E2795B2BC00D6D60E /* SimpleAssignmentView.swift in Sources */,
				F7A742BF27AC2C9300A9E56E /* CacheService.swift in Sources */,
				F77E76F227AA1BA100CA2F98 /* GradeFormatter.swift in Sources */,
				F7F4CE7027AECA3A0015324C /* DoomsdayManager.swift in Sources */,
				F77E76F427AA1BE900CA2F98 /* GPA.swift in Sources */,
				F7F973D527B8436A00E1B7D7 /* ScrollRefreshable.swift in Sources */,
				F78C33142794EF3000596478 /* CardView.swift in Sources */,
				F74DDE2F279433A500894237 /* Upcoming.swift in Sources */,
				F718DF7E27D7B45D00C82DC5 /* GPASetupPage.swift in Sources */,
			);
			runOnlyForDeploymentPostprocessing = 0;
		};
/* End PBXSourcesBuildPhase section */

/* Begin XCBuildConfiguration section */
		F74DDE1727939AB300894237 /* Debug */ = {
			isa = XCBuildConfiguration;
			buildSettings = {
				ALWAYS_SEARCH_USER_PATHS = NO;
				CLANG_ANALYZER_NONNULL = YES;
				CLANG_ANALYZER_NUMBER_OBJECT_CONVERSION = YES_AGGRESSIVE;
				CLANG_CXX_LANGUAGE_STANDARD = "gnu++17";
				CLANG_CXX_LIBRARY = "libc++";
				CLANG_ENABLE_MODULES = YES;
				CLANG_ENABLE_OBJC_ARC = YES;
				CLANG_ENABLE_OBJC_WEAK = YES;
				CLANG_WARN_BLOCK_CAPTURE_AUTORELEASING = YES;
				CLANG_WARN_BOOL_CONVERSION = YES;
				CLANG_WARN_COMMA = YES;
				CLANG_WARN_CONSTANT_CONVERSION = YES;
				CLANG_WARN_DEPRECATED_OBJC_IMPLEMENTATIONS = YES;
				CLANG_WARN_DIRECT_OBJC_ISA_USAGE = YES_ERROR;
				CLANG_WARN_DOCUMENTATION_COMMENTS = YES;
				CLANG_WARN_EMPTY_BODY = YES;
				CLANG_WARN_ENUM_CONVERSION = YES;
				CLANG_WARN_INFINITE_RECURSION = YES;
				CLANG_WARN_INT_CONVERSION = YES;
				CLANG_WARN_NON_LITERAL_NULL_CONVERSION = YES;
				CLANG_WARN_OBJC_IMPLICIT_RETAIN_SELF = YES;
				CLANG_WARN_OBJC_LITERAL_CONVERSION = YES;
				CLANG_WARN_OBJC_ROOT_CLASS = YES_ERROR;
				CLANG_WARN_QUOTED_INCLUDE_IN_FRAMEWORK_HEADER = YES;
				CLANG_WARN_RANGE_LOOP_ANALYSIS = YES;
				CLANG_WARN_STRICT_PROTOTYPES = YES;
				CLANG_WARN_SUSPICIOUS_MOVE = YES;
				CLANG_WARN_UNGUARDED_AVAILABILITY = YES_AGGRESSIVE;
				CLANG_WARN_UNREACHABLE_CODE = YES;
				CLANG_WARN__DUPLICATE_METHOD_MATCH = YES;
				COPY_PHASE_STRIP = NO;
				DEBUG_INFORMATION_FORMAT = dwarf;
				ENABLE_STRICT_OBJC_MSGSEND = YES;
				ENABLE_TESTABILITY = YES;
				GCC_C_LANGUAGE_STANDARD = gnu11;
				GCC_DYNAMIC_NO_PIC = NO;
				GCC_NO_COMMON_BLOCKS = YES;
				GCC_OPTIMIZATION_LEVEL = 0;
				GCC_PREPROCESSOR_DEFINITIONS = (
					"DEBUG=1",
					"$(inherited)",
				);
				GCC_WARN_64_TO_32_BIT_CONVERSION = YES;
				GCC_WARN_ABOUT_RETURN_TYPE = YES_ERROR;
				GCC_WARN_UNDECLARED_SELECTOR = YES;
				GCC_WARN_UNINITIALIZED_AUTOS = YES_AGGRESSIVE;
				GCC_WARN_UNUSED_FUNCTION = YES;
				GCC_WARN_UNUSED_VARIABLE = YES;
				IPHONEOS_DEPLOYMENT_TARGET = 15.0;
				MTL_ENABLE_DEBUG_INFO = INCLUDE_SOURCE;
				MTL_FAST_MATH = YES;
				ONLY_ACTIVE_ARCH = YES;
				SDKROOT = iphoneos;
				SWIFT_ACTIVE_COMPILATION_CONDITIONS = DEBUG;
				SWIFT_OPTIMIZATION_LEVEL = "-Onone";
			};
			name = Debug;
		};
		F74DDE1827939AB300894237 /* Release */ = {
			isa = XCBuildConfiguration;
			buildSettings = {
				ALWAYS_SEARCH_USER_PATHS = NO;
				CLANG_ANALYZER_NONNULL = YES;
				CLANG_ANALYZER_NUMBER_OBJECT_CONVERSION = YES_AGGRESSIVE;
				CLANG_CXX_LANGUAGE_STANDARD = "gnu++17";
				CLANG_CXX_LIBRARY = "libc++";
				CLANG_ENABLE_MODULES = YES;
				CLANG_ENABLE_OBJC_ARC = YES;
				CLANG_ENABLE_OBJC_WEAK = YES;
				CLANG_WARN_BLOCK_CAPTURE_AUTORELEASING = YES;
				CLANG_WARN_BOOL_CONVERSION = YES;
				CLANG_WARN_COMMA = YES;
				CLANG_WARN_CONSTANT_CONVERSION = YES;
				CLANG_WARN_DEPRECATED_OBJC_IMPLEMENTATIONS = YES;
				CLANG_WARN_DIRECT_OBJC_ISA_USAGE = YES_ERROR;
				CLANG_WARN_DOCUMENTATION_COMMENTS = YES;
				CLANG_WARN_EMPTY_BODY = YES;
				CLANG_WARN_ENUM_CONVERSION = YES;
				CLANG_WARN_INFINITE_RECURSION = YES;
				CLANG_WARN_INT_CONVERSION = YES;
				CLANG_WARN_NON_LITERAL_NULL_CONVERSION = YES;
				CLANG_WARN_OBJC_IMPLICIT_RETAIN_SELF = YES;
				CLANG_WARN_OBJC_LITERAL_CONVERSION = YES;
				CLANG_WARN_OBJC_ROOT_CLASS = YES_ERROR;
				CLANG_WARN_QUOTED_INCLUDE_IN_FRAMEWORK_HEADER = YES;
				CLANG_WARN_RANGE_LOOP_ANALYSIS = YES;
				CLANG_WARN_STRICT_PROTOTYPES = YES;
				CLANG_WARN_SUSPICIOUS_MOVE = YES;
				CLANG_WARN_UNGUARDED_AVAILABILITY = YES_AGGRESSIVE;
				CLANG_WARN_UNREACHABLE_CODE = YES;
				CLANG_WARN__DUPLICATE_METHOD_MATCH = YES;
				COPY_PHASE_STRIP = NO;
				DEBUG_INFORMATION_FORMAT = "dwarf-with-dsym";
				ENABLE_NS_ASSERTIONS = NO;
				ENABLE_STRICT_OBJC_MSGSEND = YES;
				GCC_C_LANGUAGE_STANDARD = gnu11;
				GCC_NO_COMMON_BLOCKS = YES;
				GCC_WARN_64_TO_32_BIT_CONVERSION = YES;
				GCC_WARN_ABOUT_RETURN_TYPE = YES_ERROR;
				GCC_WARN_UNDECLARED_SELECTOR = YES;
				GCC_WARN_UNINITIALIZED_AUTOS = YES_AGGRESSIVE;
				GCC_WARN_UNUSED_FUNCTION = YES;
				GCC_WARN_UNUSED_VARIABLE = YES;
				IPHONEOS_DEPLOYMENT_TARGET = 15.0;
				MTL_ENABLE_DEBUG_INFO = NO;
				MTL_FAST_MATH = YES;
				SDKROOT = iphoneos;
				SWIFT_COMPILATION_MODE = wholemodule;
				SWIFT_OPTIMIZATION_LEVEL = "-O";
				VALIDATE_PRODUCT = YES;
			};
			name = Release;
		};
		F74DDE1A27939AB300894237 /* Debug */ = {
			isa = XCBuildConfiguration;
			buildSettings = {
				ALWAYS_EMBED_SWIFT_STANDARD_LIBRARIES = YES;
				ASSETCATALOG_COMPILER_APPICON_NAME = AppIcon;
				ASSETCATALOG_COMPILER_GLOBAL_ACCENT_COLOR_NAME = AccentColor;
				CODE_SIGN_STYLE = Automatic;
				CURRENT_PROJECT_VERSION = 1.51;
				DEVELOPMENT_ASSET_PATHS = "\"Gradual/Preview Content\"";
				DEVELOPMENT_TEAM = F9H27V7343;
				ENABLE_PREVIEWS = YES;
				GENERATE_INFOPLIST_FILE = YES;
				INFOPLIST_FILE = Gradual/Info.plist;
				INFOPLIST_KEY_NSFaceIDUsageDescription = "Used for the SOMBRERO DETECTOR";
				INFOPLIST_KEY_UIApplicationSceneManifest_Generation = YES;
				INFOPLIST_KEY_UIApplicationSupportsIndirectInputEvents = YES;
				INFOPLIST_KEY_UILaunchStoryboardName = LaunchScreen;
				INFOPLIST_KEY_UISupportedInterfaceOrientations = UIInterfaceOrientationPortrait;
				INFOPLIST_KEY_UISupportedInterfaceOrientations_iPad = "UIInterfaceOrientationPortrait UIInterfaceOrientationPortraitUpsideDown UIInterfaceOrientationLandscapeLeft UIInterfaceOrientationLandscapeRight";
				INFOPLIST_KEY_UISupportedInterfaceOrientations_iPhone = UIInterfaceOrientationPortrait;
				IPHONEOS_DEPLOYMENT_TARGET = 15.0;
				LD_RUNPATH_SEARCH_PATHS = (
					"$(inherited)",
					"@executable_path/Frameworks",
				);
				MARKETING_VERSION = 1.028;
				PRODUCT_BUNDLE_IDENTIFIER = life.gradual.app;
				PRODUCT_NAME = "$(TARGET_NAME)";
				SWIFT_EMIT_LOC_STRINGS = YES;
				SWIFT_VERSION = 5.0;
				TARGETED_DEVICE_FAMILY = 1;
			};
			name = Debug;
		};
		F74DDE1B27939AB300894237 /* Release */ = {
			isa = XCBuildConfiguration;
			buildSettings = {
				ALWAYS_EMBED_SWIFT_STANDARD_LIBRARIES = YES;
				ASSETCATALOG_COMPILER_APPICON_NAME = AppIcon;
				ASSETCATALOG_COMPILER_GLOBAL_ACCENT_COLOR_NAME = AccentColor;
				CODE_SIGN_STYLE = Automatic;
				CURRENT_PROJECT_VERSION = 1.51;
				DEVELOPMENT_ASSET_PATHS = "\"Gradual/Preview Content\"";
				DEVELOPMENT_TEAM = F9H27V7343;
				ENABLE_PREVIEWS = YES;
				GENERATE_INFOPLIST_FILE = YES;
				INFOPLIST_FILE = Gradual/Info.plist;
				INFOPLIST_KEY_NSFaceIDUsageDescription = "Used for the SOMBRERO DETECTOR";
				INFOPLIST_KEY_UIApplicationSceneManifest_Generation = YES;
				INFOPLIST_KEY_UIApplicationSupportsIndirectInputEvents = YES;
				INFOPLIST_KEY_UILaunchStoryboardName = LaunchScreen;
				INFOPLIST_KEY_UISupportedInterfaceOrientations = UIInterfaceOrientationPortrait;
				INFOPLIST_KEY_UISupportedInterfaceOrientations_iPad = "UIInterfaceOrientationPortrait UIInterfaceOrientationPortraitUpsideDown UIInterfaceOrientationLandscapeLeft UIInterfaceOrientationLandscapeRight";
				INFOPLIST_KEY_UISupportedInterfaceOrientations_iPhone = UIInterfaceOrientationPortrait;
				IPHONEOS_DEPLOYMENT_TARGET = 15.0;
				LD_RUNPATH_SEARCH_PATHS = (
					"$(inherited)",
					"@executable_path/Frameworks",
				);
				MARKETING_VERSION = 1.028;
				PRODUCT_BUNDLE_IDENTIFIER = life.gradual.app;
				PRODUCT_NAME = "$(TARGET_NAME)";
				SWIFT_EMIT_LOC_STRINGS = YES;
				SWIFT_VERSION = 5.0;
				TARGETED_DEVICE_FAMILY = 1;
			};
			name = Release;
		};
/* End XCBuildConfiguration section */

/* Begin XCConfigurationList section */
		F74DDE0627939AB100894237 /* Build configuration list for PBXProject "Gradual" */ = {
			isa = XCConfigurationList;
			buildConfigurations = (
				F74DDE1727939AB300894237 /* Debug */,
				F74DDE1827939AB300894237 /* Release */,
			);
			defaultConfigurationIsVisible = 0;
			defaultConfigurationName = Release;
		};
		F74DDE1927939AB300894237 /* Build configuration list for PBXNativeTarget "Gradual" */ = {
			isa = XCConfigurationList;
			buildConfigurations = (
				F74DDE1A27939AB300894237 /* Debug */,
				F74DDE1B27939AB300894237 /* Release */,
			);
			defaultConfigurationIsVisible = 0;
			defaultConfigurationName = Release;
		};
/* End XCConfigurationList section */

/* Begin XCRemoteSwiftPackageReference section */
		F7A5C80727D52ABA00B03230 /* XCRemoteSwiftPackageReference "ChartViews" */ = {
			isa = XCRemoteSwiftPackageReference;
			repositoryURL = "https://github.com/mjdierkes/ChartViews";
			requirement = {
				branch = main;
				kind = branch;
			};
		};
		F7A742BB27AC2C0C00A9E56E /* XCRemoteSwiftPackageReference "EasyStash" */ = {
			isa = XCRemoteSwiftPackageReference;
			repositoryURL = "https://github.com/onmyway133/EasyStash";
			requirement = {
				kind = upToNextMajorVersion;
				minimumVersion = 1.0.0;
			};
		};
		F7A742C027AC7FBA00A9E56E /* XCRemoteSwiftPackageReference "Popovers" */ = {
			isa = XCRemoteSwiftPackageReference;
			repositoryURL = "https://github.com/aheze/Popovers";
			requirement = {
				branch = main;
				kind = branch;
			};
		};
		F7C419862798EF2D00753637 /* XCRemoteSwiftPackageReference "KeychainAccess" */ = {
			isa = XCRemoteSwiftPackageReference;
			repositoryURL = "https://github.com/kishikawakatsumi/KeychainAccess";
			requirement = {
				kind = upToNextMajorVersion;
				minimumVersion = 4.0.0;
			};
		};
/* End XCRemoteSwiftPackageReference section */

/* Begin XCSwiftPackageProductDependency section */
		F75BEE6B27C96DFF008A53A2 /* KeychainAccess */ = {
			isa = XCSwiftPackageProductDependency;
			package = F7C419862798EF2D00753637 /* XCRemoteSwiftPackageReference "KeychainAccess" */;
			productName = KeychainAccess;
		};
		F75BEE6D27C96DFF008A53A2 /* EasyStash */ = {
			isa = XCSwiftPackageProductDependency;
			package = F7A742BB27AC2C0C00A9E56E /* XCRemoteSwiftPackageReference "EasyStash" */;
			productName = EasyStash;
		};
		F75BEE6F27C96DFF008A53A2 /* Popovers */ = {
			isa = XCSwiftPackageProductDependency;
			package = F7A742C027AC7FBA00A9E56E /* XCRemoteSwiftPackageReference "Popovers" */;
			productName = Popovers;
		};
		F7A5C80827D52ABA00B03230 /* SwiftUICharts */ = {
			isa = XCSwiftPackageProductDependency;
			package = F7A5C80727D52ABA00B03230 /* XCRemoteSwiftPackageReference "ChartViews" */;
			productName = SwiftUICharts;
		};
/* End XCSwiftPackageProductDependency section */
	};
	rootObject = F74DDE0327939AB100894237 /* Project object */;
}
