// !$*UTF8*$!
{
	archiveVersion = 1;
	classes = {
	};
	objectVersion = 55;
	objects = {

/* Begin PBXBuildFile section */
		F709DE2227AC8102007ECFDC /* NotificationView.swift in Sources */ = {isa = PBXBuildFile; fileRef = F709DE2127AC8102007ECFDC /* NotificationView.swift */; };
		F70E679E2795B2BC00D6D60E /* SimpleAssignmentView.swift in Sources */ = {isa = PBXBuildFile; fileRef = F70E679D2795B2BC00D6D60E /* SimpleAssignmentView.swift */; };
		F70E67A22795BC3000D6D60E /* PremiumPage.swift in Sources */ = {isa = PBXBuildFile; fileRef = F70E67A12795BC3000D6D60E /* PremiumPage.swift */; };
		F74DDE0F27939AB100894237 /* GradualApp.swift in Sources */ = {isa = PBXBuildFile; fileRef = F74DDE0E27939AB100894237 /* GradualApp.swift */; };
		F74DDE1127939AB100894237 /* ContentView.swift in Sources */ = {isa = PBXBuildFile; fileRef = F74DDE1027939AB100894237 /* ContentView.swift */; };
		F74DDE1327939AB300894237 /* Assets.xcassets in Resources */ = {isa = PBXBuildFile; fileRef = F74DDE1227939AB300894237 /* Assets.xcassets */; };
		F74DDE1627939AB300894237 /* Preview Assets.xcassets in Resources */ = {isa = PBXBuildFile; fileRef = F74DDE1527939AB300894237 /* Preview Assets.xcassets */; };
		F74DDE2B2793BC1700894237 /* GradeService.swift in Sources */ = {isa = PBXBuildFile; fileRef = F74DDE2A2793BC1700894237 /* GradeService.swift */; };
		F74DDE2F279433A500894237 /* Upcoming.swift in Sources */ = {isa = PBXBuildFile; fileRef = F74DDE2E279433A500894237 /* Upcoming.swift */; };
		F74DDE3127943DC400894237 /* SplashScreen.swift in Sources */ = {isa = PBXBuildFile; fileRef = F74DDE3027943DC400894237 /* SplashScreen.swift */; };
		F74DDE3327944BAC00894237 /* AppManager.swift in Sources */ = {isa = PBXBuildFile; fileRef = F74DDE3227944BAC00894237 /* AppManager.swift */; };
		F74DDE35279467B600894237 /* HomePage.swift in Sources */ = {isa = PBXBuildFile; fileRef = F74DDE34279467B600894237 /* HomePage.swift */; };
		F74DDE3727946BBB00894237 /* AsyncButton.swift in Sources */ = {isa = PBXBuildFile; fileRef = F74DDE3627946BBB00894237 /* AsyncButton.swift */; };
		F74DDE3A2794890400894237 /* SimpleClassView.swift in Sources */ = {isa = PBXBuildFile; fileRef = F74DDE392794890400894237 /* SimpleClassView.swift */; };
		F74DDE3C27949B6D00894237 /* RecentAssignmentView.swift in Sources */ = {isa = PBXBuildFile; fileRef = F74DDE3B27949B6D00894237 /* RecentAssignmentView.swift */; };
		F768DB5F27B37F870080DE5E /* WidgetKit.framework in Frameworks */ = {isa = PBXBuildFile; fileRef = F768DB5E27B37F870080DE5E /* WidgetKit.framework */; };
		F768DB6127B37F870080DE5E /* SwiftUI.framework in Frameworks */ = {isa = PBXBuildFile; fileRef = F768DB6027B37F870080DE5E /* SwiftUI.framework */; };
		F768DB6427B37F870080DE5E /* AppWidget.swift in Sources */ = {isa = PBXBuildFile; fileRef = F768DB6327B37F870080DE5E /* AppWidget.swift */; };
		F768DB6627B37F890080DE5E /* Assets.xcassets in Resources */ = {isa = PBXBuildFile; fileRef = F768DB6527B37F890080DE5E /* Assets.xcassets */; };
		F768DB6A27B37F890080DE5E /* AppWidgetExtension.appex in Embed App Extensions */ = {isa = PBXBuildFile; fileRef = F768DB5C27B37F870080DE5E /* AppWidgetExtension.appex */; settings = {ATTRIBUTES = (RemoveHeadersOnCopy, ); }; };
		F768DB7027B37FA80080DE5E /* ClassWidgetView.swift in Sources */ = {isa = PBXBuildFile; fileRef = F768DB6F27B37FA80080DE5E /* ClassWidgetView.swift */; };
		F768DB7127B3803E0080DE5E /* ClassWidgetView.swift in Sources */ = {isa = PBXBuildFile; fileRef = F768DB6F27B37FA80080DE5E /* ClassWidgetView.swift */; };
		F768DB7227B3806B0080DE5E /* AppManager.swift in Sources */ = {isa = PBXBuildFile; fileRef = F74DDE3227944BAC00894237 /* AppManager.swift */; };
		F768DB7327B380E40080DE5E /* Class.swift in Sources */ = {isa = PBXBuildFile; fileRef = F77E76EC27AA1B0000CA2F98 /* Class.swift */; };
		F768DB7427B380E40080DE5E /* Upcoming.swift in Sources */ = {isa = PBXBuildFile; fileRef = F74DDE2E279433A500894237 /* Upcoming.swift */; };
		F768DB7527B380E40080DE5E /* Assignment.swift in Sources */ = {isa = PBXBuildFile; fileRef = F77E76EF27AA1B5000CA2F98 /* Assignment.swift */; };
		F768DB7627B380E40080DE5E /* Student.swift in Sources */ = {isa = PBXBuildFile; fileRef = F77E76F527AA1C0000CA2F98 /* Student.swift */; };
		F768DB7727B380E40080DE5E /* GPA.swift in Sources */ = {isa = PBXBuildFile; fileRef = F77E76F327AA1BE900CA2F98 /* GPA.swift */; };
		F768DB7827B380F40080DE5E /* CarouselView.swift in Sources */ = {isa = PBXBuildFile; fileRef = F7F4CE6927ACDDCB0015324C /* CarouselView.swift */; };
		F768DB7927B3810E0080DE5E /* GradeService.swift in Sources */ = {isa = PBXBuildFile; fileRef = F74DDE2A2793BC1700894237 /* GradeService.swift */; };
		F768DB7A27B3810E0080DE5E /* CacheService.swift in Sources */ = {isa = PBXBuildFile; fileRef = F7A742BE27AC2C9300A9E56E /* CacheService.swift */; };
		F768DB7B27B3810E0080DE5E /* GradeFormatter.swift in Sources */ = {isa = PBXBuildFile; fileRef = F77E76F127AA1BA100CA2F98 /* GradeFormatter.swift */; };
		F768DB7D27B381570080DE5E /* CardView.swift in Sources */ = {isa = PBXBuildFile; fileRef = F78C33132794EF3000596478 /* CardView.swift */; };
		F768DB7E27B381670080DE5E /* DetailedAssignmentPage.swift in Sources */ = {isa = PBXBuildFile; fileRef = F7E58660279B8F3200438E66 /* DetailedAssignmentPage.swift */; };
		F768DB8027B381B80080DE5E /* EasyStash in Frameworks */ = {isa = PBXBuildFile; productRef = F768DB7F27B381B80080DE5E /* EasyStash */; };
		F768DB8227B381C40080DE5E /* KeychainAccess in Frameworks */ = {isa = PBXBuildFile; productRef = F768DB8127B381C40080DE5E /* KeychainAccess */; };
		F7702A0D27A0CE0B00590028 /* SafariViewWrapper.swift in Sources */ = {isa = PBXBuildFile; fileRef = F7702A0C27A0CE0B00590028 /* SafariViewWrapper.swift */; };
		F7702A0F27A0D7AE00590028 /* GoalSetPage.swift in Sources */ = {isa = PBXBuildFile; fileRef = F7702A0E27A0D7AE00590028 /* GoalSetPage.swift */; };
		F77288D1279600EF000B5F3B /* AccountPage.swift in Sources */ = {isa = PBXBuildFile; fileRef = F77288D0279600EF000B5F3B /* AccountPage.swift */; };
		F779C16E279F3C5E00DDF96F /* PreferencesManager.swift in Sources */ = {isa = PBXBuildFile; fileRef = F779C16D279F3C5E00DDF96F /* PreferencesManager.swift */; };
		F77E76ED27AA1B0000CA2F98 /* Class.swift in Sources */ = {isa = PBXBuildFile; fileRef = F77E76EC27AA1B0000CA2F98 /* Class.swift */; };
		F77E76F027AA1B5000CA2F98 /* Assignment.swift in Sources */ = {isa = PBXBuildFile; fileRef = F77E76EF27AA1B5000CA2F98 /* Assignment.swift */; };
		F77E76F227AA1BA100CA2F98 /* GradeFormatter.swift in Sources */ = {isa = PBXBuildFile; fileRef = F77E76F127AA1BA100CA2F98 /* GradeFormatter.swift */; };
		F77E76F427AA1BE900CA2F98 /* GPA.swift in Sources */ = {isa = PBXBuildFile; fileRef = F77E76F327AA1BE900CA2F98 /* GPA.swift */; };
		F77E76F627AA1C0000CA2F98 /* Student.swift in Sources */ = {isa = PBXBuildFile; fileRef = F77E76F527AA1C0000CA2F98 /* Student.swift */; };
		F77E76FF27AA2CD800CA2F98 /* RefreshToolbarButton.swift in Sources */ = {isa = PBXBuildFile; fileRef = F77E76FE27AA2CD800CA2F98 /* RefreshToolbarButton.swift */; };
		F77E770127AA2D3E00CA2F98 /* AccountToolButton.swift in Sources */ = {isa = PBXBuildFile; fileRef = F77E770027AA2D3E00CA2F98 /* AccountToolButton.swift */; };
		F77E770327AA2D7D00CA2F98 /* GreetingView.swift in Sources */ = {isa = PBXBuildFile; fileRef = F77E770227AA2D7D00CA2F98 /* GreetingView.swift */; };
		F77E770527AA2D9F00CA2F98 /* CardStackView.swift in Sources */ = {isa = PBXBuildFile; fileRef = F77E770427AA2D9F00CA2F98 /* CardStackView.swift */; };
		F77E770727AA2DF000CA2F98 /* ClassGradesView.swift in Sources */ = {isa = PBXBuildFile; fileRef = F77E770627AA2DF000CA2F98 /* ClassGradesView.swift */; };
		F78C33142794EF3000596478 /* CardView.swift in Sources */ = {isa = PBXBuildFile; fileRef = F78C33132794EF3000596478 /* CardView.swift */; };
		F78C33162795158E00596478 /* AssignmentPage.swift in Sources */ = {isa = PBXBuildFile; fileRef = F78C33152795158E00596478 /* AssignmentPage.swift */; };
		F78F509D279DA355004E6EA4 /* UpcomingAssignmentPage.swift in Sources */ = {isa = PBXBuildFile; fileRef = F78F509C279DA355004E6EA4 /* UpcomingAssignmentPage.swift */; };
		F7A742B227AB742000A9E56E /* PreferencesView.swift in Sources */ = {isa = PBXBuildFile; fileRef = F7A742B127AB742000A9E56E /* PreferencesView.swift */; };
		F7A742B427AC0BFF00A9E56E /* ClassInformation.swift in Sources */ = {isa = PBXBuildFile; fileRef = F7A742B327AC0BFF00A9E56E /* ClassInformation.swift */; };
		F7A742B627AC0D4800A9E56E /* LoginPage.swift in Sources */ = {isa = PBXBuildFile; fileRef = F7A742B527AC0D4800A9E56E /* LoginPage.swift */; };
		F7A742B827AC18EC00A9E56E /* NotificationService.swift in Sources */ = {isa = PBXBuildFile; fileRef = F7A742B727AC18EC00A9E56E /* NotificationService.swift */; };
		F7A742BD27AC2C0C00A9E56E /* EasyStash in Frameworks */ = {isa = PBXBuildFile; productRef = F7A742BC27AC2C0C00A9E56E /* EasyStash */; };
		F7A742BF27AC2C9300A9E56E /* CacheService.swift in Sources */ = {isa = PBXBuildFile; fileRef = F7A742BE27AC2C9300A9E56E /* CacheService.swift */; };
		F7A742C227AC7FBA00A9E56E /* Popovers in Frameworks */ = {isa = PBXBuildFile; productRef = F7A742C127AC7FBA00A9E56E /* Popovers */; };
		F7BE1508279EF6A70079A0E3 /* AccountDetailPage.swift in Sources */ = {isa = PBXBuildFile; fileRef = F7BE1507279EF6A70079A0E3 /* AccountDetailPage.swift */; };
		F7C419882798EF2D00753637 /* KeychainAccess in Frameworks */ = {isa = PBXBuildFile; productRef = F7C419872798EF2D00753637 /* KeychainAccess */; };
		F7E5865F279B862200438E66 /* About.swift in Sources */ = {isa = PBXBuildFile; fileRef = F7E5865E279B862200438E66 /* About.swift */; };
		F7E58661279B8F3200438E66 /* DetailedAssignmentPage.swift in Sources */ = {isa = PBXBuildFile; fileRef = F7E58660279B8F3200438E66 /* DetailedAssignmentPage.swift */; };
		F7F4CE6A27ACDDCB0015324C /* CarouselView.swift in Sources */ = {isa = PBXBuildFile; fileRef = F7F4CE6927ACDDCB0015324C /* CarouselView.swift */; };
		F7F4CE7027AECA3A0015324C /* DoomsdayManager.swift in Sources */ = {isa = PBXBuildFile; fileRef = F7F4CE6F27AECA3A0015324C /* DoomsdayManager.swift */; };
		F7F4CE7427B029300015324C /* BackgroundManager.swift in Sources */ = {isa = PBXBuildFile; fileRef = F7F4CE7327B029300015324C /* BackgroundManager.swift */; };
/* End PBXBuildFile section */

/* Begin PBXContainerItemProxy section */
		F768DB6827B37F890080DE5E /* PBXContainerItemProxy */ = {
			isa = PBXContainerItemProxy;
			containerPortal = F74DDE0327939AB100894237 /* Project object */;
			proxyType = 1;
			remoteGlobalIDString = F768DB5B27B37F870080DE5E;
			remoteInfo = AppWidgetExtension;
		};
/* End PBXContainerItemProxy section */

/* Begin PBXCopyFilesBuildPhase section */
		F768DB6B27B37F890080DE5E /* Embed App Extensions */ = {
			isa = PBXCopyFilesBuildPhase;
			buildActionMask = 2147483647;
			dstPath = "";
			dstSubfolderSpec = 13;
			files = (
				F768DB6A27B37F890080DE5E /* AppWidgetExtension.appex in Embed App Extensions */,
			);
			name = "Embed App Extensions";
			runOnlyForDeploymentPostprocessing = 0;
		};
/* End PBXCopyFilesBuildPhase section */

/* Begin PBXFileReference section */
		F709DE2127AC8102007ECFDC /* NotificationView.swift */ = {isa = PBXFileReference; lastKnownFileType = sourcecode.swift; path = NotificationView.swift; sourceTree = "<group>"; };
		F70E679D2795B2BC00D6D60E /* SimpleAssignmentView.swift */ = {isa = PBXFileReference; lastKnownFileType = sourcecode.swift; path = SimpleAssignmentView.swift; sourceTree = "<group>"; };
		F70E67A12795BC3000D6D60E /* PremiumPage.swift */ = {isa = PBXFileReference; lastKnownFileType = sourcecode.swift; path = PremiumPage.swift; sourceTree = "<group>"; };
		F74DDE0B27939AB100894237 /* Gradual.app */ = {isa = PBXFileReference; explicitFileType = wrapper.application; includeInIndex = 0; path = Gradual.app; sourceTree = BUILT_PRODUCTS_DIR; };
		F74DDE0E27939AB100894237 /* GradualApp.swift */ = {isa = PBXFileReference; lastKnownFileType = sourcecode.swift; path = GradualApp.swift; sourceTree = "<group>"; };
		F74DDE1027939AB100894237 /* ContentView.swift */ = {isa = PBXFileReference; lastKnownFileType = sourcecode.swift; path = ContentView.swift; sourceTree = "<group>"; };
		F74DDE1227939AB300894237 /* Assets.xcassets */ = {isa = PBXFileReference; lastKnownFileType = folder.assetcatalog; path = Assets.xcassets; sourceTree = "<group>"; };
		F74DDE1527939AB300894237 /* Preview Assets.xcassets */ = {isa = PBXFileReference; lastKnownFileType = folder.assetcatalog; path = "Preview Assets.xcassets"; sourceTree = "<group>"; };
		F74DDE2A2793BC1700894237 /* GradeService.swift */ = {isa = PBXFileReference; lastKnownFileType = sourcecode.swift; path = GradeService.swift; sourceTree = "<group>"; };
		F74DDE2E279433A500894237 /* Upcoming.swift */ = {isa = PBXFileReference; lastKnownFileType = sourcecode.swift; path = Upcoming.swift; sourceTree = "<group>"; };
		F74DDE3027943DC400894237 /* SplashScreen.swift */ = {isa = PBXFileReference; lastKnownFileType = sourcecode.swift; path = SplashScreen.swift; sourceTree = "<group>"; };
		F74DDE3227944BAC00894237 /* AppManager.swift */ = {isa = PBXFileReference; lastKnownFileType = sourcecode.swift; path = AppManager.swift; sourceTree = "<group>"; };
		F74DDE34279467B600894237 /* HomePage.swift */ = {isa = PBXFileReference; lastKnownFileType = sourcecode.swift; path = HomePage.swift; sourceTree = "<group>"; };
		F74DDE3627946BBB00894237 /* AsyncButton.swift */ = {isa = PBXFileReference; lastKnownFileType = sourcecode.swift; path = AsyncButton.swift; sourceTree = "<group>"; };
		F74DDE392794890400894237 /* SimpleClassView.swift */ = {isa = PBXFileReference; lastKnownFileType = sourcecode.swift; path = SimpleClassView.swift; sourceTree = "<group>"; };
		F74DDE3B27949B6D00894237 /* RecentAssignmentView.swift */ = {isa = PBXFileReference; lastKnownFileType = sourcecode.swift; path = RecentAssignmentView.swift; sourceTree = "<group>"; };
		F768DB5C27B37F870080DE5E /* AppWidgetExtension.appex */ = {isa = PBXFileReference; explicitFileType = "wrapper.app-extension"; includeInIndex = 0; path = AppWidgetExtension.appex; sourceTree = BUILT_PRODUCTS_DIR; };
		F768DB5E27B37F870080DE5E /* WidgetKit.framework */ = {isa = PBXFileReference; lastKnownFileType = wrapper.framework; name = WidgetKit.framework; path = System/Library/Frameworks/WidgetKit.framework; sourceTree = SDKROOT; };
		F768DB6027B37F870080DE5E /* SwiftUI.framework */ = {isa = PBXFileReference; lastKnownFileType = wrapper.framework; name = SwiftUI.framework; path = System/Library/Frameworks/SwiftUI.framework; sourceTree = SDKROOT; };
		F768DB6327B37F870080DE5E /* AppWidget.swift */ = {isa = PBXFileReference; lastKnownFileType = sourcecode.swift; path = AppWidget.swift; sourceTree = "<group>"; };
		F768DB6527B37F890080DE5E /* Assets.xcassets */ = {isa = PBXFileReference; lastKnownFileType = folder.assetcatalog; path = Assets.xcassets; sourceTree = "<group>"; };
		F768DB6727B37F890080DE5E /* Info.plist */ = {isa = PBXFileReference; lastKnownFileType = text.plist.xml; path = Info.plist; sourceTree = "<group>"; };
		F768DB6F27B37FA80080DE5E /* ClassWidgetView.swift */ = {isa = PBXFileReference; lastKnownFileType = sourcecode.swift; path = ClassWidgetView.swift; sourceTree = "<group>"; };
		F7702A0C27A0CE0B00590028 /* SafariViewWrapper.swift */ = {isa = PBXFileReference; lastKnownFileType = sourcecode.swift; path = SafariViewWrapper.swift; sourceTree = "<group>"; };
		F7702A0E27A0D7AE00590028 /* GoalSetPage.swift */ = {isa = PBXFileReference; lastKnownFileType = sourcecode.swift; path = GoalSetPage.swift; sourceTree = "<group>"; };
		F77288D0279600EF000B5F3B /* AccountPage.swift */ = {isa = PBXFileReference; lastKnownFileType = sourcecode.swift; path = AccountPage.swift; sourceTree = "<group>"; };
		F779C16D279F3C5E00DDF96F /* PreferencesManager.swift */ = {isa = PBXFileReference; lastKnownFileType = sourcecode.swift; path = PreferencesManager.swift; sourceTree = "<group>"; };
		F77E76EC27AA1B0000CA2F98 /* Class.swift */ = {isa = PBXFileReference; lastKnownFileType = sourcecode.swift; path = Class.swift; sourceTree = "<group>"; };
		F77E76EF27AA1B5000CA2F98 /* Assignment.swift */ = {isa = PBXFileReference; lastKnownFileType = sourcecode.swift; path = Assignment.swift; sourceTree = "<group>"; };
		F77E76F127AA1BA100CA2F98 /* GradeFormatter.swift */ = {isa = PBXFileReference; lastKnownFileType = sourcecode.swift; path = GradeFormatter.swift; sourceTree = "<group>"; };
		F77E76F327AA1BE900CA2F98 /* GPA.swift */ = {isa = PBXFileReference; lastKnownFileType = sourcecode.swift; path = GPA.swift; sourceTree = "<group>"; };
		F77E76F527AA1C0000CA2F98 /* Student.swift */ = {isa = PBXFileReference; lastKnownFileType = sourcecode.swift; path = Student.swift; sourceTree = "<group>"; };
		F77E76FE27AA2CD800CA2F98 /* RefreshToolbarButton.swift */ = {isa = PBXFileReference; lastKnownFileType = sourcecode.swift; path = RefreshToolbarButton.swift; sourceTree = "<group>"; };
		F77E770027AA2D3E00CA2F98 /* AccountToolButton.swift */ = {isa = PBXFileReference; lastKnownFileType = sourcecode.swift; path = AccountToolButton.swift; sourceTree = "<group>"; };
		F77E770227AA2D7D00CA2F98 /* GreetingView.swift */ = {isa = PBXFileReference; lastKnownFileType = sourcecode.swift; path = GreetingView.swift; sourceTree = "<group>"; };
		F77E770427AA2D9F00CA2F98 /* CardStackView.swift */ = {isa = PBXFileReference; lastKnownFileType = sourcecode.swift; path = CardStackView.swift; sourceTree = "<group>"; };
		F77E770627AA2DF000CA2F98 /* ClassGradesView.swift */ = {isa = PBXFileReference; lastKnownFileType = sourcecode.swift; path = ClassGradesView.swift; sourceTree = "<group>"; };
		F78C33132794EF3000596478 /* CardView.swift */ = {isa = PBXFileReference; lastKnownFileType = sourcecode.swift; path = CardView.swift; sourceTree = "<group>"; };
		F78C33152795158E00596478 /* AssignmentPage.swift */ = {isa = PBXFileReference; lastKnownFileType = sourcecode.swift; path = AssignmentPage.swift; sourceTree = "<group>"; };
		F78F509C279DA355004E6EA4 /* UpcomingAssignmentPage.swift */ = {isa = PBXFileReference; lastKnownFileType = sourcecode.swift; path = UpcomingAssignmentPage.swift; sourceTree = "<group>"; };
		F7A742B127AB742000A9E56E /* PreferencesView.swift */ = {isa = PBXFileReference; lastKnownFileType = sourcecode.swift; path = PreferencesView.swift; sourceTree = "<group>"; };
		F7A742B327AC0BFF00A9E56E /* ClassInformation.swift */ = {isa = PBXFileReference; lastKnownFileType = sourcecode.swift; path = ClassInformation.swift; sourceTree = "<group>"; };
		F7A742B527AC0D4800A9E56E /* LoginPage.swift */ = {isa = PBXFileReference; lastKnownFileType = sourcecode.swift; path = LoginPage.swift; sourceTree = "<group>"; };
		F7A742B727AC18EC00A9E56E /* NotificationService.swift */ = {isa = PBXFileReference; lastKnownFileType = sourcecode.swift; path = NotificationService.swift; sourceTree = "<group>"; };
		F7A742BE27AC2C9300A9E56E /* CacheService.swift */ = {isa = PBXFileReference; lastKnownFileType = sourcecode.swift; path = CacheService.swift; sourceTree = "<group>"; };
		F7BE1507279EF6A70079A0E3 /* AccountDetailPage.swift */ = {isa = PBXFileReference; lastKnownFileType = sourcecode.swift; path = AccountDetailPage.swift; sourceTree = "<group>"; };
		F7C4198B27999AD900753637 /* Info.plist */ = {isa = PBXFileReference; lastKnownFileType = text.plist; path = Info.plist; sourceTree = "<group>"; };
		F7E5865E279B862200438E66 /* About.swift */ = {isa = PBXFileReference; lastKnownFileType = sourcecode.swift; path = About.swift; sourceTree = "<group>"; };
		F7E58660279B8F3200438E66 /* DetailedAssignmentPage.swift */ = {isa = PBXFileReference; lastKnownFileType = sourcecode.swift; path = DetailedAssignmentPage.swift; sourceTree = "<group>"; };
		F7F4CE6927ACDDCB0015324C /* CarouselView.swift */ = {isa = PBXFileReference; lastKnownFileType = sourcecode.swift; path = CarouselView.swift; sourceTree = "<group>"; };
		F7F4CE6F27AECA3A0015324C /* DoomsdayManager.swift */ = {isa = PBXFileReference; lastKnownFileType = sourcecode.swift; path = DoomsdayManager.swift; sourceTree = "<group>"; };
		F7F4CE7327B029300015324C /* BackgroundManager.swift */ = {isa = PBXFileReference; lastKnownFileType = sourcecode.swift; path = BackgroundManager.swift; sourceTree = "<group>"; };
/* End PBXFileReference section */

/* Begin PBXFrameworksBuildPhase section */
		F74DDE0827939AB100894237 /* Frameworks */ = {
			isa = PBXFrameworksBuildPhase;
			buildActionMask = 2147483647;
			files = (
				F7A742C227AC7FBA00A9E56E /* Popovers in Frameworks */,
				F7A742BD27AC2C0C00A9E56E /* EasyStash in Frameworks */,
				F7C419882798EF2D00753637 /* KeychainAccess in Frameworks */,
			);
			runOnlyForDeploymentPostprocessing = 0;
		};
		F768DB5927B37F870080DE5E /* Frameworks */ = {
			isa = PBXFrameworksBuildPhase;
			buildActionMask = 2147483647;
			files = (
				F768DB8227B381C40080DE5E /* KeychainAccess in Frameworks */,
				F768DB8027B381B80080DE5E /* EasyStash in Frameworks */,
				F768DB6127B37F870080DE5E /* SwiftUI.framework in Frameworks */,
				F768DB5F27B37F870080DE5E /* WidgetKit.framework in Frameworks */,
			);
			runOnlyForDeploymentPostprocessing = 0;
		};
/* End PBXFrameworksBuildPhase section */

/* Begin PBXGroup section */
		F70E67932795AAA400D6D60E /* Modifiers */ = {
			isa = PBXGroup;
			children = (
				F74DDE3627946BBB00894237 /* AsyncButton.swift */,
				F7702A0C27A0CE0B00590028 /* SafariViewWrapper.swift */,
				F7F4CE6927ACDDCB0015324C /* CarouselView.swift */,
			);
			path = Modifiers;
			sourceTree = "<group>";
		};
		F74DDE0227939AB100894237 = {
			isa = PBXGroup;
			children = (
				F74DDE0D27939AB100894237 /* Gradual */,
				F768DB6227B37F870080DE5E /* AppWidget */,
				F768DB5D27B37F870080DE5E /* Frameworks */,
				F74DDE0C27939AB100894237 /* Products */,
			);
			sourceTree = "<group>";
		};
		F74DDE0C27939AB100894237 /* Products */ = {
			isa = PBXGroup;
			children = (
				F74DDE0B27939AB100894237 /* Gradual.app */,
				F768DB5C27B37F870080DE5E /* AppWidgetExtension.appex */,
			);
			name = Products;
			sourceTree = "<group>";
		};
		F74DDE0D27939AB100894237 /* Gradual */ = {
			isa = PBXGroup;
			children = (
				F7C4198B27999AD900753637 /* Info.plist */,
				F74DDE0E27939AB100894237 /* GradualApp.swift */,
				F74DDE1027939AB100894237 /* ContentView.swift */,
				F74DDE212793AF4000894237 /* Model */,
				F74DDE222793AF4500894237 /* View */,
				F74DDE232793AF4F00894237 /* ViewModel */,
				F74DDE1227939AB300894237 /* Assets.xcassets */,
				F74DDE1427939AB300894237 /* Preview Content */,
			);
			path = Gradual;
			sourceTree = "<group>";
		};
		F74DDE1427939AB300894237 /* Preview Content */ = {
			isa = PBXGroup;
			children = (
				F74DDE1527939AB300894237 /* Preview Assets.xcassets */,
			);
			path = "Preview Content";
			sourceTree = "<group>";
		};
		F74DDE212793AF4000894237 /* Model */ = {
			isa = PBXGroup;
			children = (
				F77E76EE27AA1B3400CA2F98 /* CodableTypes */,
				F74DDE2A2793BC1700894237 /* GradeService.swift */,
				F7A742B727AC18EC00A9E56E /* NotificationService.swift */,
				F77E76F127AA1BA100CA2F98 /* GradeFormatter.swift */,
				F7A742BE27AC2C9300A9E56E /* CacheService.swift */,
			);
			path = Model;
			sourceTree = "<group>";
		};
		F74DDE222793AF4500894237 /* View */ = {
			isa = PBXGroup;
			children = (
				F7E58658279B0F6600438E66 /* Pages */,
				F70E67932795AAA400D6D60E /* Modifiers */,
				F74DDE38279488CF00894237 /* Components */,
			);
			path = View;
			sourceTree = "<group>";
		};
		F74DDE232793AF4F00894237 /* ViewModel */ = {
			isa = PBXGroup;
			children = (
				F74DDE3227944BAC00894237 /* AppManager.swift */,
				F779C16D279F3C5E00DDF96F /* PreferencesManager.swift */,
				F7F4CE6F27AECA3A0015324C /* DoomsdayManager.swift */,
				F7F4CE7327B029300015324C /* BackgroundManager.swift */,
			);
			path = ViewModel;
			sourceTree = "<group>";
		};
		F74DDE38279488CF00894237 /* Components */ = {
			isa = PBXGroup;
			children = (
				F77E76FC27AA1E9900CA2F98 /* Navigation */,
				F77E76FB27AA1E7A00CA2F98 /* Page */,
			);
			path = Components;
			sourceTree = "<group>";
		};
		F768DB5D27B37F870080DE5E /* Frameworks */ = {
			isa = PBXGroup;
			children = (
				F768DB5E27B37F870080DE5E /* WidgetKit.framework */,
				F768DB6027B37F870080DE5E /* SwiftUI.framework */,
			);
			name = Frameworks;
			sourceTree = "<group>";
		};
		F768DB6227B37F870080DE5E /* AppWidget */ = {
			isa = PBXGroup;
			children = (
				F768DB6327B37F870080DE5E /* AppWidget.swift */,
				F768DB6F27B37FA80080DE5E /* ClassWidgetView.swift */,
				F768DB6527B37F890080DE5E /* Assets.xcassets */,
				F768DB6727B37F890080DE5E /* Info.plist */,
			);
			path = AppWidget;
			sourceTree = "<group>";
		};
		F77E76EE27AA1B3400CA2F98 /* CodableTypes */ = {
			isa = PBXGroup;
			children = (
				F77E76F527AA1C0000CA2F98 /* Student.swift */,
				F77E76EC27AA1B0000CA2F98 /* Class.swift */,
				F77E76EF27AA1B5000CA2F98 /* Assignment.swift */,
				F77E76F327AA1BE900CA2F98 /* GPA.swift */,
				F74DDE2E279433A500894237 /* Upcoming.swift */,
			);
			path = CodableTypes;
			sourceTree = "<group>";
		};
		F77E76F827AA1D3E00CA2F98 /* InProgress */ = {
			isa = PBXGroup;
			children = (
				F7E58660279B8F3200438E66 /* DetailedAssignmentPage.swift */,
				F70E67A12795BC3000D6D60E /* PremiumPage.swift */,
				F7702A0E27A0D7AE00590028 /* GoalSetPage.swift */,
				F7E5865E279B862200438E66 /* About.swift */,
			);
			path = InProgress;
			sourceTree = "<group>";
		};
		F77E76F927AA1D8700CA2F98 /* Primary */ = {
			isa = PBXGroup;
			children = (
				F78C33152795158E00596478 /* AssignmentPage.swift */,
				F77288D0279600EF000B5F3B /* AccountPage.swift */,
			);
			path = Primary;
			sourceTree = "<group>";
		};
		F77E76FA27AA1D9000CA2F98 /* Secondary */ = {
			isa = PBXGroup;
			children = (
				F7BE1507279EF6A70079A0E3 /* AccountDetailPage.swift */,
				F78F509C279DA355004E6EA4 /* UpcomingAssignmentPage.swift */,
			);
			path = Secondary;
			sourceTree = "<group>";
		};
		F77E76FB27AA1E7A00CA2F98 /* Page */ = {
			isa = PBXGroup;
			children = (
				F78C33132794EF3000596478 /* CardView.swift */,
				F77E770227AA2D7D00CA2F98 /* GreetingView.swift */,
				F77E770427AA2D9F00CA2F98 /* CardStackView.swift */,
				F77E770627AA2DF000CA2F98 /* ClassGradesView.swift */,
				F7A742B127AB742000A9E56E /* PreferencesView.swift */,
				F7A742B327AC0BFF00A9E56E /* ClassInformation.swift */,
				F709DE2127AC8102007ECFDC /* NotificationView.swift */,
			);
			path = Page;
			sourceTree = "<group>";
		};
		F77E76FC27AA1E9900CA2F98 /* Navigation */ = {
			isa = PBXGroup;
			children = (
				F77E76FD27AA2B2300CA2F98 /* Toolbar */,
				F74DDE392794890400894237 /* SimpleClassView.swift */,
				F74DDE3B27949B6D00894237 /* RecentAssignmentView.swift */,
				F70E679D2795B2BC00D6D60E /* SimpleAssignmentView.swift */,
			);
			path = Navigation;
			sourceTree = "<group>";
		};
		F77E76FD27AA2B2300CA2F98 /* Toolbar */ = {
			isa = PBXGroup;
			children = (
				F77E76FE27AA2CD800CA2F98 /* RefreshToolbarButton.swift */,
				F77E770027AA2D3E00CA2F98 /* AccountToolButton.swift */,
			);
			path = Toolbar;
			sourceTree = "<group>";
		};
		F7E58658279B0F6600438E66 /* Pages */ = {
			isa = PBXGroup;
			children = (
				F74DDE34279467B600894237 /* HomePage.swift */,
				F74DDE3027943DC400894237 /* SplashScreen.swift */,
				F7A742B527AC0D4800A9E56E /* LoginPage.swift */,
				F77E76F927AA1D8700CA2F98 /* Primary */,
				F77E76FA27AA1D9000CA2F98 /* Secondary */,
				F77E76F827AA1D3E00CA2F98 /* InProgress */,
			);
			path = Pages;
			sourceTree = "<group>";
		};
/* End PBXGroup section */

/* Begin PBXNativeTarget section */
		F74DDE0A27939AB100894237 /* Gradual */ = {
			isa = PBXNativeTarget;
			buildConfigurationList = F74DDE1927939AB300894237 /* Build configuration list for PBXNativeTarget "Gradual" */;
			buildPhases = (
				F74DDE0727939AB100894237 /* Sources */,
				F74DDE0827939AB100894237 /* Frameworks */,
				F74DDE0927939AB100894237 /* Resources */,
				F768DB6B27B37F890080DE5E /* Embed App Extensions */,
			);
			buildRules = (
			);
			dependencies = (
				F768DB6927B37F890080DE5E /* PBXTargetDependency */,
			);
			name = Gradual;
			packageProductDependencies = (
				F7C419872798EF2D00753637 /* KeychainAccess */,
				F7A742BC27AC2C0C00A9E56E /* EasyStash */,
				F7A742C127AC7FBA00A9E56E /* Popovers */,
			);
			productName = Gradual;
			productReference = F74DDE0B27939AB100894237 /* Gradual.app */;
			productType = "com.apple.product-type.application";
		};
		F768DB5B27B37F870080DE5E /* AppWidgetExtension */ = {
			isa = PBXNativeTarget;
			buildConfigurationList = F768DB6E27B37F890080DE5E /* Build configuration list for PBXNativeTarget "AppWidgetExtension" */;
			buildPhases = (
				F768DB5827B37F870080DE5E /* Sources */,
				F768DB5927B37F870080DE5E /* Frameworks */,
				F768DB5A27B37F870080DE5E /* Resources */,
			);
			buildRules = (
			);
			dependencies = (
			);
			name = AppWidgetExtension;
			packageProductDependencies = (
				F768DB7F27B381B80080DE5E /* EasyStash */,
				F768DB8127B381C40080DE5E /* KeychainAccess */,
			);
			productName = AppWidgetExtension;
			productReference = F768DB5C27B37F870080DE5E /* AppWidgetExtension.appex */;
			productType = "com.apple.product-type.app-extension";
		};
/* End PBXNativeTarget section */

/* Begin PBXProject section */
		F74DDE0327939AB100894237 /* Project object */ = {
			isa = PBXProject;
			attributes = {
				BuildIndependentTargetsInParallel = 1;
				LastSwiftUpdateCheck = 1300;
				LastUpgradeCheck = 1300;
				TargetAttributes = {
					F74DDE0A27939AB100894237 = {
						CreatedOnToolsVersion = 13.0;
					};
					F768DB5B27B37F870080DE5E = {
						CreatedOnToolsVersion = 13.0;
					};
				};
			};
			buildConfigurationList = F74DDE0627939AB100894237 /* Build configuration list for PBXProject "Gradual" */;
			compatibilityVersion = "Xcode 13.0";
			developmentRegion = en;
			hasScannedForEncodings = 0;
			knownRegions = (
				en,
				Base,
			);
			mainGroup = F74DDE0227939AB100894237;
			packageReferences = (
				F7C419862798EF2D00753637 /* XCRemoteSwiftPackageReference "KeychainAccess" */,
				F7A742BB27AC2C0C00A9E56E /* XCRemoteSwiftPackageReference "EasyStash" */,
				F7A742C027AC7FBA00A9E56E /* XCRemoteSwiftPackageReference "Popovers" */,
			);
			productRefGroup = F74DDE0C27939AB100894237 /* Products */;
			projectDirPath = "";
			projectRoot = "";
			targets = (
				F74DDE0A27939AB100894237 /* Gradual */,
				F768DB5B27B37F870080DE5E /* AppWidgetExtension */,
			);
		};
/* End PBXProject section */

/* Begin PBXResourcesBuildPhase section */
		F74DDE0927939AB100894237 /* Resources */ = {
			isa = PBXResourcesBuildPhase;
			buildActionMask = 2147483647;
			files = (
				F74DDE1627939AB300894237 /* Preview Assets.xcassets in Resources */,
				F74DDE1327939AB300894237 /* Assets.xcassets in Resources */,
			);
			runOnlyForDeploymentPostprocessing = 0;
		};
		F768DB5A27B37F870080DE5E /* Resources */ = {
			isa = PBXResourcesBuildPhase;
			buildActionMask = 2147483647;
			files = (
				F768DB6627B37F890080DE5E /* Assets.xcassets in Resources */,
			);
			runOnlyForDeploymentPostprocessing = 0;
		};
/* End PBXResourcesBuildPhase section */

/* Begin PBXSourcesBuildPhase section */
		F74DDE0727939AB100894237 /* Sources */ = {
			isa = PBXSourcesBuildPhase;
			buildActionMask = 2147483647;
			files = (
				F77E76ED27AA1B0000CA2F98 /* Class.swift in Sources */,
				F7A742B427AC0BFF00A9E56E /* ClassInformation.swift in Sources */,
				F74DDE3C27949B6D00894237 /* RecentAssignmentView.swift in Sources */,
				F74DDE1127939AB100894237 /* ContentView.swift in Sources */,
				F7A742B827AC18EC00A9E56E /* NotificationService.swift in Sources */,
				F74DDE0F27939AB100894237 /* GradualApp.swift in Sources */,
				F7702A0F27A0D7AE00590028 /* GoalSetPage.swift in Sources */,
				F77E770127AA2D3E00CA2F98 /* AccountToolButton.swift in Sources */,
				F74DDE2B2793BC1700894237 /* GradeService.swift in Sources */,
				F779C16E279F3C5E00DDF96F /* PreferencesManager.swift in Sources */,
				F77E770727AA2DF000CA2F98 /* ClassGradesView.swift in Sources */,
				F7702A0D27A0CE0B00590028 /* SafariViewWrapper.swift in Sources */,
				F7A742B227AB742000A9E56E /* PreferencesView.swift in Sources */,
				F74DDE3327944BAC00894237 /* AppManager.swift in Sources */,
				F78C33162795158E00596478 /* AssignmentPage.swift in Sources */,
				F7E58661279B8F3200438E66 /* DetailedAssignmentPage.swift in Sources */,
				F74DDE3A2794890400894237 /* SimpleClassView.swift in Sources */,
				F709DE2227AC8102007ECFDC /* NotificationView.swift in Sources */,
				F70E67A22795BC3000D6D60E /* PremiumPage.swift in Sources */,
				F7F4CE6A27ACDDCB0015324C /* CarouselView.swift in Sources */,
				F74DDE3127943DC400894237 /* SplashScreen.swift in Sources */,
				F7A742B627AC0D4800A9E56E /* LoginPage.swift in Sources */,
				F74DDE35279467B600894237 /* HomePage.swift in Sources */,
				F768DB7027B37FA80080DE5E /* ClassWidgetView.swift in Sources */,
				F77E76F027AA1B5000CA2F98 /* Assignment.swift in Sources */,
				F78F509D279DA355004E6EA4 /* UpcomingAssignmentPage.swift in Sources */,
				F7F4CE7427B029300015324C /* BackgroundManager.swift in Sources */,
				F7BE1508279EF6A70079A0E3 /* AccountDetailPage.swift in Sources */,
				F77288D1279600EF000B5F3B /* AccountPage.swift in Sources */,
				F74DDE3727946BBB00894237 /* AsyncButton.swift in Sources */,
				F7E5865F279B862200438E66 /* About.swift in Sources */,
				F77E76F627AA1C0000CA2F98 /* Student.swift in Sources */,
				F77E770327AA2D7D00CA2F98 /* GreetingView.swift in Sources */,
				F77E770527AA2D9F00CA2F98 /* CardStackView.swift in Sources */,
				F70E679E2795B2BC00D6D60E /* SimpleAssignmentView.swift in Sources */,
				F7A742BF27AC2C9300A9E56E /* CacheService.swift in Sources */,
				F77E76F227AA1BA100CA2F98 /* GradeFormatter.swift in Sources */,
				F7F4CE7027AECA3A0015324C /* DoomsdayManager.swift in Sources */,
				F77E76F427AA1BE900CA2F98 /* GPA.swift in Sources */,
				F77E76FF27AA2CD800CA2F98 /* RefreshToolbarButton.swift in Sources */,
				F78C33142794EF3000596478 /* CardView.swift in Sources */,
				F74DDE2F279433A500894237 /* Upcoming.swift in Sources */,
			);
			runOnlyForDeploymentPostprocessing = 0;
		};
		F768DB5827B37F870080DE5E /* Sources */ = {
			isa = PBXSourcesBuildPhase;
			buildActionMask = 2147483647;
			files = (
				F768DB7527B380E40080DE5E /* Assignment.swift in Sources */,
				F768DB7E27B381670080DE5E /* DetailedAssignmentPage.swift in Sources */,
				F768DB7927B3810E0080DE5E /* GradeService.swift in Sources */,
				F768DB7327B380E40080DE5E /* Class.swift in Sources */,
				F768DB7427B380E40080DE5E /* Upcoming.swift in Sources */,
				F768DB7227B3806B0080DE5E /* AppManager.swift in Sources */,
				F768DB7827B380F40080DE5E /* CarouselView.swift in Sources */,
				F768DB7B27B3810E0080DE5E /* GradeFormatter.swift in Sources */,
				F768DB7D27B381570080DE5E /* CardView.swift in Sources */,
				F768DB7727B380E40080DE5E /* GPA.swift in Sources */,
				F768DB6427B37F870080DE5E /* AppWidget.swift in Sources */,
				F768DB7627B380E40080DE5E /* Student.swift in Sources */,
				F768DB7127B3803E0080DE5E /* ClassWidgetView.swift in Sources */,
				F768DB7A27B3810E0080DE5E /* CacheService.swift in Sources */,
			);
			runOnlyForDeploymentPostprocessing = 0;
		};
/* End PBXSourcesBuildPhase section */

/* Begin PBXTargetDependency section */
		F768DB6927B37F890080DE5E /* PBXTargetDependency */ = {
			isa = PBXTargetDependency;
			target = F768DB5B27B37F870080DE5E /* AppWidgetExtension */;
			targetProxy = F768DB6827B37F890080DE5E /* PBXContainerItemProxy */;
		};
/* End PBXTargetDependency section */

/* Begin XCBuildConfiguration section */
		F74DDE1727939AB300894237 /* Debug */ = {
			isa = XCBuildConfiguration;
			buildSettings = {
				ALWAYS_SEARCH_USER_PATHS = NO;
				CLANG_ANALYZER_NONNULL = YES;
				CLANG_ANALYZER_NUMBER_OBJECT_CONVERSION = YES_AGGRESSIVE;
				CLANG_CXX_LANGUAGE_STANDARD = "gnu++17";
				CLANG_CXX_LIBRARY = "libc++";
				CLANG_ENABLE_MODULES = YES;
				CLANG_ENABLE_OBJC_ARC = YES;
				CLANG_ENABLE_OBJC_WEAK = YES;
				CLANG_WARN_BLOCK_CAPTURE_AUTORELEASING = YES;
				CLANG_WARN_BOOL_CONVERSION = YES;
				CLANG_WARN_COMMA = YES;
				CLANG_WARN_CONSTANT_CONVERSION = YES;
				CLANG_WARN_DEPRECATED_OBJC_IMPLEMENTATIONS = YES;
				CLANG_WARN_DIRECT_OBJC_ISA_USAGE = YES_ERROR;
				CLANG_WARN_DOCUMENTATION_COMMENTS = YES;
				CLANG_WARN_EMPTY_BODY = YES;
				CLANG_WARN_ENUM_CONVERSION = YES;
				CLANG_WARN_INFINITE_RECURSION = YES;
				CLANG_WARN_INT_CONVERSION = YES;
				CLANG_WARN_NON_LITERAL_NULL_CONVERSION = YES;
				CLANG_WARN_OBJC_IMPLICIT_RETAIN_SELF = YES;
				CLANG_WARN_OBJC_LITERAL_CONVERSION = YES;
				CLANG_WARN_OBJC_ROOT_CLASS = YES_ERROR;
				CLANG_WARN_QUOTED_INCLUDE_IN_FRAMEWORK_HEADER = YES;
				CLANG_WARN_RANGE_LOOP_ANALYSIS = YES;
				CLANG_WARN_STRICT_PROTOTYPES = YES;
				CLANG_WARN_SUSPICIOUS_MOVE = YES;
				CLANG_WARN_UNGUARDED_AVAILABILITY = YES_AGGRESSIVE;
				CLANG_WARN_UNREACHABLE_CODE = YES;
				CLANG_WARN__DUPLICATE_METHOD_MATCH = YES;
				COPY_PHASE_STRIP = NO;
				DEBUG_INFORMATION_FORMAT = dwarf;
				ENABLE_STRICT_OBJC_MSGSEND = YES;
				ENABLE_TESTABILITY = YES;
				GCC_C_LANGUAGE_STANDARD = gnu11;
				GCC_DYNAMIC_NO_PIC = NO;
				GCC_NO_COMMON_BLOCKS = YES;
				GCC_OPTIMIZATION_LEVEL = 0;
				GCC_PREPROCESSOR_DEFINITIONS = (
					"DEBUG=1",
					"$(inherited)",
				);
				GCC_WARN_64_TO_32_BIT_CONVERSION = YES;
				GCC_WARN_ABOUT_RETURN_TYPE = YES_ERROR;
				GCC_WARN_UNDECLARED_SELECTOR = YES;
				GCC_WARN_UNINITIALIZED_AUTOS = YES_AGGRESSIVE;
				GCC_WARN_UNUSED_FUNCTION = YES;
				GCC_WARN_UNUSED_VARIABLE = YES;
				IPHONEOS_DEPLOYMENT_TARGET = 15.0;
				MTL_ENABLE_DEBUG_INFO = INCLUDE_SOURCE;
				MTL_FAST_MATH = YES;
				ONLY_ACTIVE_ARCH = YES;
				SDKROOT = iphoneos;
				SWIFT_ACTIVE_COMPILATION_CONDITIONS = DEBUG;
				SWIFT_OPTIMIZATION_LEVEL = "-Onone";
			};
			name = Debug;
		};
		F74DDE1827939AB300894237 /* Release */ = {
			isa = XCBuildConfiguration;
			buildSettings = {
				ALWAYS_SEARCH_USER_PATHS = NO;
				CLANG_ANALYZER_NONNULL = YES;
				CLANG_ANALYZER_NUMBER_OBJECT_CONVERSION = YES_AGGRESSIVE;
				CLANG_CXX_LANGUAGE_STANDARD = "gnu++17";
				CLANG_CXX_LIBRARY = "libc++";
				CLANG_ENABLE_MODULES = YES;
				CLANG_ENABLE_OBJC_ARC = YES;
				CLANG_ENABLE_OBJC_WEAK = YES;
				CLANG_WARN_BLOCK_CAPTURE_AUTORELEASING = YES;
				CLANG_WARN_BOOL_CONVERSION = YES;
				CLANG_WARN_COMMA = YES;
				CLANG_WARN_CONSTANT_CONVERSION = YES;
				CLANG_WARN_DEPRECATED_OBJC_IMPLEMENTATIONS = YES;
				CLANG_WARN_DIRECT_OBJC_ISA_USAGE = YES_ERROR;
				CLANG_WARN_DOCUMENTATION_COMMENTS = YES;
				CLANG_WARN_EMPTY_BODY = YES;
				CLANG_WARN_ENUM_CONVERSION = YES;
				CLANG_WARN_INFINITE_RECURSION = YES;
				CLANG_WARN_INT_CONVERSION = YES;
				CLANG_WARN_NON_LITERAL_NULL_CONVERSION = YES;
				CLANG_WARN_OBJC_IMPLICIT_RETAIN_SELF = YES;
				CLANG_WARN_OBJC_LITERAL_CONVERSION = YES;
				CLANG_WARN_OBJC_ROOT_CLASS = YES_ERROR;
				CLANG_WARN_QUOTED_INCLUDE_IN_FRAMEWORK_HEADER = YES;
				CLANG_WARN_RANGE_LOOP_ANALYSIS = YES;
				CLANG_WARN_STRICT_PROTOTYPES = YES;
				CLANG_WARN_SUSPICIOUS_MOVE = YES;
				CLANG_WARN_UNGUARDED_AVAILABILITY = YES_AGGRESSIVE;
				CLANG_WARN_UNREACHABLE_CODE = YES;
				CLANG_WARN__DUPLICATE_METHOD_MATCH = YES;
				COPY_PHASE_STRIP = NO;
				DEBUG_INFORMATION_FORMAT = "dwarf-with-dsym";
				ENABLE_NS_ASSERTIONS = NO;
				ENABLE_STRICT_OBJC_MSGSEND = YES;
				GCC_C_LANGUAGE_STANDARD = gnu11;
				GCC_NO_COMMON_BLOCKS = YES;
				GCC_WARN_64_TO_32_BIT_CONVERSION = YES;
				GCC_WARN_ABOUT_RETURN_TYPE = YES_ERROR;
				GCC_WARN_UNDECLARED_SELECTOR = YES;
				GCC_WARN_UNINITIALIZED_AUTOS = YES_AGGRESSIVE;
				GCC_WARN_UNUSED_FUNCTION = YES;
				GCC_WARN_UNUSED_VARIABLE = YES;
				IPHONEOS_DEPLOYMENT_TARGET = 15.0;
				MTL_ENABLE_DEBUG_INFO = NO;
				MTL_FAST_MATH = YES;
				SDKROOT = iphoneos;
				SWIFT_COMPILATION_MODE = wholemodule;
				SWIFT_OPTIMIZATION_LEVEL = "-O";
				VALIDATE_PRODUCT = YES;
			};
			name = Release;
		};
		F74DDE1A27939AB300894237 /* Debug */ = {
			isa = XCBuildConfiguration;
			buildSettings = {
				ALWAYS_EMBED_SWIFT_STANDARD_LIBRARIES = YES;
				ASSETCATALOG_COMPILER_APPICON_NAME = AppIcon;
				ASSETCATALOG_COMPILER_GLOBAL_ACCENT_COLOR_NAME = AccentColor;
				CODE_SIGN_STYLE = Automatic;
				CURRENT_PROJECT_VERSION = 1.5;
				DEVELOPMENT_ASSET_PATHS = "\"Gradual/Preview Content\"";
				DEVELOPMENT_TEAM = 92Z6CXGJ35;
				ENABLE_PREVIEWS = YES;
				GENERATE_INFOPLIST_FILE = YES;
				INFOPLIST_FILE = Gradual/Info.plist;
				INFOPLIST_KEY_NSFaceIDUsageDescription = "Used for the SOMBRERO DETECTOR";
				INFOPLIST_KEY_UIApplicationSceneManifest_Generation = YES;
				INFOPLIST_KEY_UIApplicationSupportsIndirectInputEvents = YES;
				INFOPLIST_KEY_UILaunchStoryboardName = LaunchScreen;
				INFOPLIST_KEY_UISupportedInterfaceOrientations = UIInterfaceOrientationPortrait;
				INFOPLIST_KEY_UISupportedInterfaceOrientations_iPad = "UIInterfaceOrientationPortrait UIInterfaceOrientationPortraitUpsideDown UIInterfaceOrientationLandscapeLeft UIInterfaceOrientationLandscapeRight";
				INFOPLIST_KEY_UISupportedInterfaceOrientations_iPhone = UIInterfaceOrientationPortrait;
				IPHONEOS_DEPLOYMENT_TARGET = 15.0;
				LD_RUNPATH_SEARCH_PATHS = (
					"$(inherited)",
					"@executable_path/Frameworks",
				);
				MARKETING_VERSION = 1.0;
				PRODUCT_BUNDLE_IDENTIFIER = com.jamesdierkes.Gradual;
				PRODUCT_NAME = "$(TARGET_NAME)";
				SWIFT_EMIT_LOC_STRINGS = YES;
				SWIFT_VERSION = 5.0;
				TARGETED_DEVICE_FAMILY = 1;
			};
			name = Debug;
		};
		F74DDE1B27939AB300894237 /* Release */ = {
			isa = XCBuildConfiguration;
			buildSettings = {
				ALWAYS_EMBED_SWIFT_STANDARD_LIBRARIES = YES;
				ASSETCATALOG_COMPILER_APPICON_NAME = AppIcon;
				ASSETCATALOG_COMPILER_GLOBAL_ACCENT_COLOR_NAME = AccentColor;
				CODE_SIGN_STYLE = Automatic;
				CURRENT_PROJECT_VERSION = 1.5;
				DEVELOPMENT_ASSET_PATHS = "\"Gradual/Preview Content\"";
				DEVELOPMENT_TEAM = 92Z6CXGJ35;
				ENABLE_PREVIEWS = YES;
				GENERATE_INFOPLIST_FILE = YES;
				INFOPLIST_FILE = Gradual/Info.plist;
				INFOPLIST_KEY_NSFaceIDUsageDescription = "Used for the SOMBRERO DETECTOR";
				INFOPLIST_KEY_UIApplicationSceneManifest_Generation = YES;
				INFOPLIST_KEY_UIApplicationSupportsIndirectInputEvents = YES;
				INFOPLIST_KEY_UILaunchStoryboardName = LaunchScreen;
				INFOPLIST_KEY_UISupportedInterfaceOrientations = UIInterfaceOrientationPortrait;
				INFOPLIST_KEY_UISupportedInterfaceOrientations_iPad = "UIInterfaceOrientationPortrait UIInterfaceOrientationPortraitUpsideDown UIInterfaceOrientationLandscapeLeft UIInterfaceOrientationLandscapeRight";
				INFOPLIST_KEY_UISupportedInterfaceOrientations_iPhone = UIInterfaceOrientationPortrait;
				IPHONEOS_DEPLOYMENT_TARGET = 15.0;
				LD_RUNPATH_SEARCH_PATHS = (
					"$(inherited)",
					"@executable_path/Frameworks",
				);
				MARKETING_VERSION = 1.0;
				PRODUCT_BUNDLE_IDENTIFIER = com.jamesdierkes.Gradual;
				PRODUCT_NAME = "$(TARGET_NAME)";
				SWIFT_EMIT_LOC_STRINGS = YES;
				SWIFT_VERSION = 5.0;
				TARGETED_DEVICE_FAMILY = 1;
			};
			name = Release;
		};
		F768DB6C27B37F890080DE5E /* Debug */ = {
			isa = XCBuildConfiguration;
			buildSettings = {
				ASSETCATALOG_COMPILER_GLOBAL_ACCENT_COLOR_NAME = AccentColor;
				ASSETCATALOG_COMPILER_WIDGET_BACKGROUND_COLOR_NAME = WidgetBackground;
				CODE_SIGN_STYLE = Automatic;
				CURRENT_PROJECT_VERSION = 1;
				DEVELOPMENT_TEAM = 92Z6CXGJ35;
				GENERATE_INFOPLIST_FILE = YES;
				INFOPLIST_FILE = AppWidget/Info.plist;
				INFOPLIST_KEY_CFBundleDisplayName = AppWidget;
				INFOPLIST_KEY_NSHumanReadableCopyright = "";
				LD_RUNPATH_SEARCH_PATHS = (
					"$(inherited)",
					"@executable_path/Frameworks",
					"@executable_path/../../Frameworks",
				);
				MARKETING_VERSION = 1.0;
				PRODUCT_BUNDLE_IDENTIFIER = com.jamesdierkes.Gradual.AppWidget;
				PRODUCT_NAME = "$(TARGET_NAME)";
				SKIP_INSTALL = YES;
				SWIFT_EMIT_LOC_STRINGS = YES;
				SWIFT_VERSION = 5.0;
				TARGETED_DEVICE_FAMILY = "1,2";
			};
			name = Debug;
		};
		F768DB6D27B37F890080DE5E /* Release */ = {
			isa = XCBuildConfiguration;
			buildSettings = {
				ASSETCATALOG_COMPILER_GLOBAL_ACCENT_COLOR_NAME = AccentColor;
				ASSETCATALOG_COMPILER_WIDGET_BACKGROUND_COLOR_NAME = WidgetBackground;
				CODE_SIGN_STYLE = Automatic;
				CURRENT_PROJECT_VERSION = 1;
				DEVELOPMENT_TEAM = 92Z6CXGJ35;
				GENERATE_INFOPLIST_FILE = YES;
				INFOPLIST_FILE = AppWidget/Info.plist;
				INFOPLIST_KEY_CFBundleDisplayName = AppWidget;
				INFOPLIST_KEY_NSHumanReadableCopyright = "";
				LD_RUNPATH_SEARCH_PATHS = (
					"$(inherited)",
					"@executable_path/Frameworks",
					"@executable_path/../../Frameworks",
				);
				MARKETING_VERSION = 1.0;
				PRODUCT_BUNDLE_IDENTIFIER = com.jamesdierkes.Gradual.AppWidget;
				PRODUCT_NAME = "$(TARGET_NAME)";
				SKIP_INSTALL = YES;
				SWIFT_EMIT_LOC_STRINGS = YES;
				SWIFT_VERSION = 5.0;
				TARGETED_DEVICE_FAMILY = "1,2";
			};
			name = Release;
		};
/* End XCBuildConfiguration section */

/* Begin XCConfigurationList section */
		F74DDE0627939AB100894237 /* Build configuration list for PBXProject "Gradual" */ = {
			isa = XCConfigurationList;
			buildConfigurations = (
				F74DDE1727939AB300894237 /* Debug */,
				F74DDE1827939AB300894237 /* Release */,
			);
			defaultConfigurationIsVisible = 0;
			defaultConfigurationName = Release;
		};
		F74DDE1927939AB300894237 /* Build configuration list for PBXNativeTarget "Gradual" */ = {
			isa = XCConfigurationList;
			buildConfigurations = (
				F74DDE1A27939AB300894237 /* Debug */,
				F74DDE1B27939AB300894237 /* Release */,
			);
			defaultConfigurationIsVisible = 0;
			defaultConfigurationName = Release;
		};
		F768DB6E27B37F890080DE5E /* Build configuration list for PBXNativeTarget "AppWidgetExtension" */ = {
			isa = XCConfigurationList;
			buildConfigurations = (
				F768DB6C27B37F890080DE5E /* Debug */,
				F768DB6D27B37F890080DE5E /* Release */,
			);
			defaultConfigurationIsVisible = 0;
			defaultConfigurationName = Release;
		};
/* End XCConfigurationList section */

/* Begin XCRemoteSwiftPackageReference section */
		F7A742BB27AC2C0C00A9E56E /* XCRemoteSwiftPackageReference "EasyStash" */ = {
			isa = XCRemoteSwiftPackageReference;
			repositoryURL = "https://github.com/onmyway133/EasyStash";
			requirement = {
				kind = upToNextMajorVersion;
				minimumVersion = 1.0.0;
			};
		};
		F7A742C027AC7FBA00A9E56E /* XCRemoteSwiftPackageReference "Popovers" */ = {
			isa = XCRemoteSwiftPackageReference;
			repositoryURL = "https://github.com/aheze/Popovers";
			requirement = {
				branch = main;
				kind = branch;
			};
		};
		F7C419862798EF2D00753637 /* XCRemoteSwiftPackageReference "KeychainAccess" */ = {
			isa = XCRemoteSwiftPackageReference;
			repositoryURL = "https://github.com/kishikawakatsumi/KeychainAccess";
			requirement = {
				kind = upToNextMajorVersion;
				minimumVersion = 4.0.0;
			};
		};
/* End XCRemoteSwiftPackageReference section */

/* Begin XCSwiftPackageProductDependency section */
		F768DB7F27B381B80080DE5E /* EasyStash */ = {
			isa = XCSwiftPackageProductDependency;
			package = F7A742BB27AC2C0C00A9E56E /* XCRemoteSwiftPackageReference "EasyStash" */;
			productName = EasyStash;
		};
		F768DB8127B381C40080DE5E /* KeychainAccess */ = {
			isa = XCSwiftPackageProductDependency;
			package = F7C419862798EF2D00753637 /* XCRemoteSwiftPackageReference "KeychainAccess" */;
			productName = KeychainAccess;
		};
		F7A742BC27AC2C0C00A9E56E /* EasyStash */ = {
			isa = XCSwiftPackageProductDependency;
			package = F7A742BB27AC2C0C00A9E56E /* XCRemoteSwiftPackageReference "EasyStash" */;
			productName = EasyStash;
		};
		F7A742C127AC7FBA00A9E56E /* Popovers */ = {
			isa = XCSwiftPackageProductDependency;
			package = F7A742C027AC7FBA00A9E56E /* XCRemoteSwiftPackageReference "Popovers" */;
			productName = Popovers;
		};
		F7C419872798EF2D00753637 /* KeychainAccess */ = {
			isa = XCSwiftPackageProductDependency;
			package = F7C419862798EF2D00753637 /* XCRemoteSwiftPackageReference "KeychainAccess" */;
			productName = KeychainAccess;
		};
/* End XCSwiftPackageProductDependency section */
	};
	rootObject = F74DDE0327939AB100894237 /* Project object */;
}
